// !$*UTF8*$!
{
	archiveVersion = 1;
	classes = {
	};
	objectVersion = 46;
	objects = {

/* Begin PBXAggregateTarget section */
		0CCA8CCED76264CAD8C033B3 /* ElouReverb - All */ = {
			isa = PBXAggregateTarget;
			buildConfigurationList = 3E32F64F6B81815E6B390235;
			buildPhases = (
			);
			dependencies = (
				98A4079E2A2EB12B83D0AC67,
				173538AD7B498A42D6A9048A,
				6D7454A56EFEA4E904C449F0,
				117002541B4D5A6D83E4056D,
				899029278F121ADB704DBBB8,
				0F3DD85EABD5B58B0D1A6091,
			);
			name = "ElouReverb - All";
			productName = ElouReverb;
		};
/* End PBXAggregateTarget section */

/* Begin PBXBuildFile section */
		036F5E13D72A339DC817D82B /* AudioUnit.framework */ = {isa = PBXBuildFile; fileRef = 5C1066400EE601F9AF7C8770; };
		064D948F96F08EC194489144 /* PluginEditor.cpp */ = {isa = PBXBuildFile; fileRef = 131D2367914152CE031FD01F; };
		0CDA3926E8B760956133C94C /* include_juce_audio_utils.mm */ = {isa = PBXBuildFile; fileRef = 3964264DBE669DCE973A42AF; };
		17287CA3F4CA46EAEFE10663 /* CoreAudio.framework */ = {isa = PBXBuildFile; fileRef = 016EC50EEAC1231AB20C4253; };
		187256834B08CBF4E71F966B /* Security.framework */ = {isa = PBXBuildFile; fileRef = E482F9A34FEF683DE2E0E97A; };
		1BA88580347356D99255171D /* include_juce_audio_plugin_client_AAX_utils.cpp */ = {isa = PBXBuildFile; fileRef = BE5C6E0057E4CBD4016B1C61; };
		1C0CE4D05EC07D2AD54688DD /* include_juce_gui_basics.mm */ = {isa = PBXBuildFile; fileRef = 86A11A2E847A8C99BF1C63E4; };
		26B633A746B474E0F1868CA5 /* include_juce_audio_processors_lv2_libs.cpp */ = {isa = PBXBuildFile; fileRef = 537FE08B59D435DD5625D44B; };
		31D36D2DF28A3CECBA84D123 /* Standalone Plugin */ = {isa = PBXBuildFile; fileRef = F17BF469B658CCDCA58B52B7; };
		34A51AAE430EE81BCD8A0CA7 /* VST3 Manifest Helper */ = {isa = PBXBuildFile; fileRef = EFB01F98250715A7B8A16533; };
		3AC2C24FEAFF7A617C60D613 /* include_juce_dsp.mm */ = {isa = PBXBuildFile; fileRef = AE83AA3D0DC9E553097B3C53; };
		3C800E0991152C4261A8367B /* include_juce_audio_plugin_client_AU_2.mm */ = {isa = PBXBuildFile; fileRef = BE0BC939BD8B7686074CC227; };
		471D8B6ABC66D1D845F8DE91 /* include_juce_data_structures.mm */ = {isa = PBXBuildFile; fileRef = 643AB6E46C6610FE67F585EA; };
		5457B435DD6AD547C1A2C264 /* include_juce_box2d.cpp */ = {isa = PBXBuildFile; fileRef = C81582F032FCD8E2B2F7A6F4; };
		5D79EB2B3F52E4C50972BB88 /* RecentFilesMenuTemplate.nib */ = {isa = PBXBuildFile; fileRef = BBF3D34685B219646B50F67B; };
		605CE6B5E9FCDF86814885DE /* include_juce_audio_plugin_client_AU_1.mm */ = {isa = PBXBuildFile; fileRef = 5957AB6DF1656A3E37C9CF72; };
		61186060B2D5F0659B03E5F0 /* include_juce_audio_devices.mm */ = {isa = PBXBuildFile; fileRef = A2ADB9735B585C68EAF720E6; };
		639DA4FDEFC735D86EF502C4 /* WebKit.framework */ = {isa = PBXBuildFile; fileRef = 76686B66F36227E801A4E214; };
		6825E30E6030D5B38D94AFB8 /* include_juce_audio_processors_ara.cpp */ = {isa = PBXBuildFile; fileRef = 2014789CCABDC7002957451F; };
		6B55371F73C514DEDC6D535E /* AudioToolbox.framework */ = {isa = PBXBuildFile; fileRef = 7C5448DB7F79897E302D6E87; };
		776B2D96FC1393CA768B0A55 /* include_juce_audio_plugin_client_AAX.mm */ = {isa = PBXBuildFile; fileRef = EBE33A6539FE39D9E1EA6D2D; };
		77C7E70E8568E3DA68515F85 /* include_juce_graphics_Sheenbidi.c */ = {isa = PBXBuildFile; fileRef = A387A8E5161130A3EF7684DA; };
		7A5CED58C21EB4F808585681 /* include_juce_audio_plugin_client_VST3.mm */ = {isa = PBXBuildFile; fileRef = E0DFDDC984E96C840C58F838; };
		7B542495038D83814FD228BE /* include_juce_events.mm */ = {isa = PBXBuildFile; fileRef = CDE8E90891A6479C67FAE2E1; };
		7B5DD88BA407839AF9D79C86 /* include_juce_audio_processors.mm */ = {isa = PBXBuildFile; fileRef = BCD232FF019136CDCDA76C75; };
		7C1D2A2F690BE949EB37DFFA /* Shared Code */ = {isa = PBXBuildFile; fileRef = 54CA2C82FBC9F013EC22F806; };
		83DA332047A21679998EF587 /* CoreMIDI.framework */ = {isa = PBXBuildFile; fileRef = E21CC434BEF79733B713B42E; };
		84A97B4854B4C3E2CAEB7E63 /* Foundation.framework */ = {isa = PBXBuildFile; fileRef = 86380084E6329E9686C28447; };
		8567A0BD35A85ADA8C163FBF /* Cocoa.framework */ = {isa = PBXBuildFile; fileRef = FB2DDC27BFE3327C776674C1; };
		85ABC94F382CBDFBE32FD91C /* AAX */ = {isa = PBXBuildFile; fileRef = C908009F91DED731B100E02C; };
		8E8273803E0015AE35414117 /* include_juce_graphics.mm */ = {isa = PBXBuildFile; fileRef = 6E793B3428897EBEA140B4A9; };
		9C0CF1D3F292C881380B2587 /* VST3 */ = {isa = PBXBuildFile; fileRef = FEAD2ED02746AD5C7767E164; };
		9CEA7612178F4EDC0D64CD50 /* include_juce_audio_plugin_client_ARA.cpp */ = {isa = PBXBuildFile; fileRef = C6FA494D1ADEDE77F70B03EC; };
		A1DC3B95FF6C7B4BD014E01B /* QuartzCore.framework */ = {isa = PBXBuildFile; fileRef = 55BF2D5F0BCCCA4AE79680EB; };
		A54CFCC420570448943AFA3A /* include_juce_graphics_Harfbuzz.cpp */ = {isa = PBXBuildFile; fileRef = 96CDDE3C942CE711D0A3F578; };
		A8724620FFBE470B47C69581 /* include_juce_core.mm */ = {isa = PBXBuildFile; fileRef = 9B5B62742D98A5472C0E2213; };
		AEEA4369B6856ACFA67ECFCE /* include_juce_core_CompilationTime.cpp */ = {isa = PBXBuildFile; fileRef = 275BC0C8E75D475799DD7A59; };
		AF4D25A8C5B81A68331A4758 /* include_juce_midi_ci.cpp */ = {isa = PBXBuildFile; fileRef = B56D3B8B4664669C0D567A90; };
		B99784613E453897AD9EA21F /* include_juce_audio_formats.mm */ = {isa = PBXBuildFile; fileRef = C9CD0BB2BA4D0586687797CB; };
		C412B86C1A2B9D6C031A42EB /* MetalKit.framework */ = {isa = PBXBuildFile; fileRef = DA382C0B8E40094548703779; settings = { ATTRIBUTES = (Weak, ); }; };
		C76D44BF66970FF1B61465C5 /* include_juce_audio_basics.mm */ = {isa = PBXBuildFile; fileRef = 3FBC134A459881D4368597EA; };
		CA4D7191D21A67759E13C0D0 /* Metal.framework */ = {isa = PBXBuildFile; fileRef = 786FDC2103E8A946BAEA0845; settings = { ATTRIBUTES = (Weak, ); }; };
		D0C1930B2E5B90B7C94C68FD /* IOKit.framework */ = {isa = PBXBuildFile; fileRef = 0997D1924709A2934E6D4C0F; };
		D34CA407C74320A8F02BCEF0 /* Accelerate.framework */ = {isa = PBXBuildFile; fileRef = 799448357E3EFDBD588270DA; };
		D4C91FE93B5BC957CD5EE727 /* include_juce_javascript.cpp */ = {isa = PBXBuildFile; fileRef = 5C523716472E0877A1366812; };
		DE79C643CC3F04A6742A9670 /* include_juce_gui_extra.mm */ = {isa = PBXBuildFile; fileRef = 7083EEDBABFB15EF1BAA424F; };
		DEAE2BB390602B87451ACC85 /* AU */ = {isa = PBXBuildFile; fileRef = 5A016E7453C8AE0E1730706C; };
		E52141915AEEB58216A52C79 /* PluginProcessor.cpp */ = {isa = PBXBuildFile; fileRef = D54376136F3CDCFB82724399; };
		E7E1341BB7A9D37CFAA23DE0 /* include_juce_animation.cpp */ = {isa = PBXBuildFile; fileRef = EF699C41DF0887DD6D6D2687; };
		EDDB96B8F74B69F9A46A39C4 /* juce_VST3ManifestHelper.mm */ = {isa = PBXBuildFile; fileRef = C708CC22089992B8BA18DA2E; settings = { COMPILER_FLAGS = "-fobjc-arc -w -DJUCE_SKIP_PRECOMPILED_HEADER"; }; };
		F786467C3D52A191C68D6C94 /* DiscRecording.framework */ = {isa = PBXBuildFile; fileRef = 60F1F568C01C46A7CEDD66C5; };
		F9514CE14C9F07796C3B9278 /* CoreAudioKit.framework */ = {isa = PBXBuildFile; fileRef = 2C151C9B84E804808B303F83; };
		FC3D212C2A6FB1EEB1C7CB28 /* include_juce_audio_plugin_client_Standalone.cpp */ = {isa = PBXBuildFile; fileRef = EA51FE6B20C3FE67B1A9BF84; };
/* End PBXBuildFile section */

/* Begin PBXFileReference section */
		016EC50EEAC1231AB20C4253 /* CoreAudio.framework */ /* CoreAudio.framework */ = {isa = PBXFileReference; lastKnownFileType = wrapper.framework; name = CoreAudio.framework; path = System/Library/Frameworks/CoreAudio.framework; sourceTree = SDKROOT; };
		04900C693C2A7A57C3D5AB2B /* juce_audio_utils */ /* juce_audio_utils */ = {isa = PBXFileReference; lastKnownFileType = folder; name = juce_audio_utils; path = "~/JUCE/modules/juce_audio_utils"; sourceTree = "<absolute>"; };
		05B513EE4A8D922FEC8A9C9A /* juce_gui_extra */ /* juce_gui_extra */ = {isa = PBXFileReference; lastKnownFileType = folder; name = juce_gui_extra; path = "~/JUCE/modules/juce_gui_extra"; sourceTree = "<absolute>"; };
		0997D1924709A2934E6D4C0F /* IOKit.framework */ /* IOKit.framework */ = {isa = PBXFileReference; lastKnownFileType = wrapper.framework; name = IOKit.framework; path = System/Library/Frameworks/IOKit.framework; sourceTree = SDKROOT; };
		0E1CCE34FC8B0952CD6EA8C8 /* juce_audio_basics */ /* juce_audio_basics */ = {isa = PBXFileReference; lastKnownFileType = folder; name = juce_audio_basics; path = "~/JUCE/modules/juce_audio_basics"; sourceTree = "<absolute>"; };
		131D2367914152CE031FD01F /* PluginEditor.cpp */ /* PluginEditor.cpp */ = {isa = PBXFileReference; lastKnownFileType = sourcecode.cpp.cpp; name = PluginEditor.cpp; path = ../../Source/PluginEditor.cpp; sourceTree = SOURCE_ROOT; };
		1C1229498FB60900554163A9 /* juce_javascript */ /* juce_javascript */ = {isa = PBXFileReference; lastKnownFileType = folder; name = juce_javascript; path = "~/JUCE/modules/juce_javascript"; sourceTree = "<absolute>"; };
		1CC6471A74614ADEBA7643B5 /* juce_audio_formats */ /* juce_audio_formats */ = {isa = PBXFileReference; lastKnownFileType = folder; name = juce_audio_formats; path = "~/JUCE/modules/juce_audio_formats"; sourceTree = "<absolute>"; };
		2014789CCABDC7002957451F /* include_juce_audio_processors_ara.cpp */ /* include_juce_audio_processors_ara.cpp */ = {isa = PBXFileReference; lastKnownFileType = sourcecode.cpp.cpp; name = include_juce_audio_processors_ara.cpp; path = ../../JuceLibraryCode/include_juce_audio_processors_ara.cpp; sourceTree = SOURCE_ROOT; };
		275BC0C8E75D475799DD7A59 /* include_juce_core_CompilationTime.cpp */ /* include_juce_core_CompilationTime.cpp */ = {isa = PBXFileReference; lastKnownFileType = sourcecode.cpp.cpp; name = include_juce_core_CompilationTime.cpp; path = ../../JuceLibraryCode/include_juce_core_CompilationTime.cpp; sourceTree = SOURCE_ROOT; };
		28CC05DD82DC0EB2FA1E4E85 /* JucePluginDefines.h */ /* JucePluginDefines.h */ = {isa = PBXFileReference; lastKnownFileType = sourcecode.c.h; name = JucePluginDefines.h; path = ../../JuceLibraryCode/JucePluginDefines.h; sourceTree = SOURCE_ROOT; };
		2C151C9B84E804808B303F83 /* CoreAudioKit.framework */ /* CoreAudioKit.framework */ = {isa = PBXFileReference; lastKnownFileType = wrapper.framework; name = CoreAudioKit.framework; path = System/Library/Frameworks/CoreAudioKit.framework; sourceTree = SDKROOT; };
		325159154A923F55F3A83C80 /* Info-AAX.plist */ /* Info-AAX.plist */ = {isa = PBXFileReference; lastKnownFileType = text.plist.xml; name = "Info-AAX.plist"; path = "Info-AAX.plist"; sourceTree = SOURCE_ROOT; };
		3964264DBE669DCE973A42AF /* include_juce_audio_utils.mm */ /* include_juce_audio_utils.mm */ = {isa = PBXFileReference; lastKnownFileType = sourcecode.cpp.objcpp; name = include_juce_audio_utils.mm; path = ../../JuceLibraryCode/include_juce_audio_utils.mm; sourceTree = SOURCE_ROOT; };
		3FBC134A459881D4368597EA /* include_juce_audio_basics.mm */ /* include_juce_audio_basics.mm */ = {isa = PBXFileReference; lastKnownFileType = sourcecode.cpp.objcpp; name = include_juce_audio_basics.mm; path = ../../JuceLibraryCode/include_juce_audio_basics.mm; sourceTree = SOURCE_ROOT; };
		45F9201A8F889D52E6C64EA5 /* Info-AU.plist */ /* Info-AU.plist */ = {isa = PBXFileReference; lastKnownFileType = text.plist.xml; name = "Info-AU.plist"; path = "Info-AU.plist"; sourceTree = SOURCE_ROOT; };
		4B1A10A26BC1ABA19B9C46B9 /* juce_animation */ /* juce_animation */ = {isa = PBXFileReference; lastKnownFileType = folder; name = juce_animation; path = "~/JUCE/modules/juce_animation"; sourceTree = "<absolute>"; };
		4CE2AF39695635B4935F04C1 /* juce_data_structures */ /* juce_data_structures */ = {isa = PBXFileReference; lastKnownFileType = folder; name = juce_data_structures; path = "~/JUCE/modules/juce_data_structures"; sourceTree = "<absolute>"; };
		53131182943E78B87374BC52 /* juce_audio_processors */ /* juce_audio_processors */ = {isa = PBXFileReference; lastKnownFileType = folder; name = juce_audio_processors; path = "~/JUCE/modules/juce_audio_processors"; sourceTree = "<absolute>"; };
		537FE08B59D435DD5625D44B /* include_juce_audio_processors_lv2_libs.cpp */ /* include_juce_audio_processors_lv2_libs.cpp */ = {isa = PBXFileReference; lastKnownFileType = sourcecode.cpp.cpp; name = include_juce_audio_processors_lv2_libs.cpp; path = ../../JuceLibraryCode/include_juce_audio_processors_lv2_libs.cpp; sourceTree = SOURCE_ROOT; };
		54CA2C82FBC9F013EC22F806 /* Shared Code */ = {isa = PBXFileReference; explicitFileType = archive.ar; includeInIndex = 0; path = libElouReverb.a; sourceTree = BUILT_PRODUCTS_DIR; };
		5514D1072AAB50EA56CC2C18 /* Info-Standalone_Plugin.plist */ /* Info-Standalone_Plugin.plist */ = {isa = PBXFileReference; lastKnownFileType = text.plist.xml; name = "Info-Standalone_Plugin.plist"; path = "Info-Standalone_Plugin.plist"; sourceTree = SOURCE_ROOT; };
		55BF2D5F0BCCCA4AE79680EB /* QuartzCore.framework */ /* QuartzCore.framework */ = {isa = PBXFileReference; lastKnownFileType = wrapper.framework; name = QuartzCore.framework; path = System/Library/Frameworks/QuartzCore.framework; sourceTree = SDKROOT; };
		5957AB6DF1656A3E37C9CF72 /* include_juce_audio_plugin_client_AU_1.mm */ /* include_juce_audio_plugin_client_AU_1.mm */ = {isa = PBXFileReference; lastKnownFileType = sourcecode.cpp.objcpp; name = include_juce_audio_plugin_client_AU_1.mm; path = ../../JuceLibraryCode/include_juce_audio_plugin_client_AU_1.mm; sourceTree = SOURCE_ROOT; };
		5A016E7453C8AE0E1730706C /* AU */ = {isa = PBXFileReference; explicitFileType = wrapper.cfbundle; includeInIndex = 0; path = ElouReverb.component; sourceTree = BUILT_PRODUCTS_DIR; };
		5C1066400EE601F9AF7C8770 /* AudioUnit.framework */ /* AudioUnit.framework */ = {isa = PBXFileReference; lastKnownFileType = wrapper.framework; name = AudioUnit.framework; path = System/Library/Frameworks/AudioUnit.framework; sourceTree = SDKROOT; };
		5C523716472E0877A1366812 /* include_juce_javascript.cpp */ /* include_juce_javascript.cpp */ = {isa = PBXFileReference; lastKnownFileType = sourcecode.cpp.cpp; name = include_juce_javascript.cpp; path = ../../JuceLibraryCode/include_juce_javascript.cpp; sourceTree = SOURCE_ROOT; };
		5F031A6B6E079AA920547A14 /* PluginEditor.h */ /* PluginEditor.h */ = {isa = PBXFileReference; lastKnownFileType = sourcecode.c.h; name = PluginEditor.h; path = ../../Source/PluginEditor.h; sourceTree = SOURCE_ROOT; };
		60F1F568C01C46A7CEDD66C5 /* DiscRecording.framework */ /* DiscRecording.framework */ = {isa = PBXFileReference; lastKnownFileType = wrapper.framework; name = DiscRecording.framework; path = System/Library/Frameworks/DiscRecording.framework; sourceTree = SDKROOT; };
		643AB6E46C6610FE67F585EA /* include_juce_data_structures.mm */ /* include_juce_data_structures.mm */ = {isa = PBXFileReference; lastKnownFileType = sourcecode.cpp.objcpp; name = include_juce_data_structures.mm; path = ../../JuceLibraryCode/include_juce_data_structures.mm; sourceTree = SOURCE_ROOT; };
		6E793B3428897EBEA140B4A9 /* include_juce_graphics.mm */ /* include_juce_graphics.mm */ = {isa = PBXFileReference; lastKnownFileType = sourcecode.cpp.objcpp; name = include_juce_graphics.mm; path = ../../JuceLibraryCode/include_juce_graphics.mm; sourceTree = SOURCE_ROOT; };
		7083EEDBABFB15EF1BAA424F /* include_juce_gui_extra.mm */ /* include_juce_gui_extra.mm */ = {isa = PBXFileReference; lastKnownFileType = sourcecode.cpp.objcpp; name = include_juce_gui_extra.mm; path = ../../JuceLibraryCode/include_juce_gui_extra.mm; sourceTree = SOURCE_ROOT; };
		74A0C76BA2F2743021F1F31F /* juce_audio_plugin_client */ /* juce_audio_plugin_client */ = {isa = PBXFileReference; lastKnownFileType = folder; name = juce_audio_plugin_client; path = "~/JUCE/modules/juce_audio_plugin_client"; sourceTree = "<absolute>"; };
		76686B66F36227E801A4E214 /* WebKit.framework */ /* WebKit.framework */ = {isa = PBXFileReference; lastKnownFileType = wrapper.framework; name = WebKit.framework; path = System/Library/Frameworks/WebKit.framework; sourceTree = SDKROOT; };
		786FDC2103E8A946BAEA0845 /* Metal.framework */ /* Metal.framework */ = {isa = PBXFileReference; lastKnownFileType = wrapper.framework; name = Metal.framework; path = System/Library/Frameworks/Metal.framework; sourceTree = SDKROOT; };
		799448357E3EFDBD588270DA /* Accelerate.framework */ /* Accelerate.framework */ = {isa = PBXFileReference; lastKnownFileType = wrapper.framework; name = Accelerate.framework; path = System/Library/Frameworks/Accelerate.framework; sourceTree = SDKROOT; };
		7C5448DB7F79897E302D6E87 /* AudioToolbox.framework */ /* AudioToolbox.framework */ = {isa = PBXFileReference; lastKnownFileType = wrapper.framework; name = AudioToolbox.framework; path = System/Library/Frameworks/AudioToolbox.framework; sourceTree = SDKROOT; };
		86380084E6329E9686C28447 /* Foundation.framework */ /* Foundation.framework */ = {isa = PBXFileReference; lastKnownFileType = wrapper.framework; name = Foundation.framework; path = System/Library/Frameworks/Foundation.framework; sourceTree = SDKROOT; };
		86A11A2E847A8C99BF1C63E4 /* include_juce_gui_basics.mm */ /* include_juce_gui_basics.mm */ = {isa = PBXFileReference; lastKnownFileType = sourcecode.cpp.objcpp; name = include_juce_gui_basics.mm; path = ../../JuceLibraryCode/include_juce_gui_basics.mm; sourceTree = SOURCE_ROOT; };
		8C42600048856CDDC41C4837 /* PluginProcessor.h */ /* PluginProcessor.h */ = {isa = PBXFileReference; lastKnownFileType = sourcecode.c.h; name = PluginProcessor.h; path = ../../Source/PluginProcessor.h; sourceTree = SOURCE_ROOT; };
		96CDDE3C942CE711D0A3F578 /* include_juce_graphics_Harfbuzz.cpp */ /* include_juce_graphics_Harfbuzz.cpp */ = {isa = PBXFileReference; lastKnownFileType = sourcecode.cpp.cpp; name = include_juce_graphics_Harfbuzz.cpp; path = ../../JuceLibraryCode/include_juce_graphics_Harfbuzz.cpp; sourceTree = SOURCE_ROOT; };
		9A26A8B235F435CC8A2B1C31 /* AppConfig.h */ /* AppConfig.h */ = {isa = PBXFileReference; lastKnownFileType = sourcecode.c.h; name = AppConfig.h; path = ../../JuceLibraryCode/AppConfig.h; sourceTree = SOURCE_ROOT; };
		9B5B62742D98A5472C0E2213 /* include_juce_core.mm */ /* include_juce_core.mm */ = {isa = PBXFileReference; lastKnownFileType = sourcecode.cpp.objcpp; name = include_juce_core.mm; path = ../../JuceLibraryCode/include_juce_core.mm; sourceTree = SOURCE_ROOT; };
		A08ECE34BB9543A6C4A63E3E /* juce_box2d */ /* juce_box2d */ = {isa = PBXFileReference; lastKnownFileType = folder; name = juce_box2d; path = "~/JUCE/modules/juce_box2d"; sourceTree = "<absolute>"; };
		A2ADB9735B585C68EAF720E6 /* include_juce_audio_devices.mm */ /* include_juce_audio_devices.mm */ = {isa = PBXFileReference; lastKnownFileType = sourcecode.cpp.objcpp; name = include_juce_audio_devices.mm; path = ../../JuceLibraryCode/include_juce_audio_devices.mm; sourceTree = SOURCE_ROOT; };
		A387A8E5161130A3EF7684DA /* include_juce_graphics_Sheenbidi.c */ /* include_juce_graphics_Sheenbidi.c */ = {isa = PBXFileReference; lastKnownFileType = sourcecode.c.c; name = include_juce_graphics_Sheenbidi.c; path = ../../JuceLibraryCode/include_juce_graphics_Sheenbidi.c; sourceTree = SOURCE_ROOT; };
		AE83AA3D0DC9E553097B3C53 /* include_juce_dsp.mm */ /* include_juce_dsp.mm */ = {isa = PBXFileReference; lastKnownFileType = sourcecode.cpp.objcpp; name = include_juce_dsp.mm; path = ../../JuceLibraryCode/include_juce_dsp.mm; sourceTree = SOURCE_ROOT; };
		B56D3B8B4664669C0D567A90 /* include_juce_midi_ci.cpp */ /* include_juce_midi_ci.cpp */ = {isa = PBXFileReference; lastKnownFileType = sourcecode.cpp.cpp; name = include_juce_midi_ci.cpp; path = ../../JuceLibraryCode/include_juce_midi_ci.cpp; sourceTree = SOURCE_ROOT; };
		BBF3D34685B219646B50F67B /* RecentFilesMenuTemplate.nib */ /* RecentFilesMenuTemplate.nib */ = {isa = PBXFileReference; lastKnownFileType = file.nib; name = RecentFilesMenuTemplate.nib; path = RecentFilesMenuTemplate.nib; sourceTree = SOURCE_ROOT; };
		BCD232FF019136CDCDA76C75 /* include_juce_audio_processors.mm */ /* include_juce_audio_processors.mm */ = {isa = PBXFileReference; lastKnownFileType = sourcecode.cpp.objcpp; name = include_juce_audio_processors.mm; path = ../../JuceLibraryCode/include_juce_audio_processors.mm; sourceTree = SOURCE_ROOT; };
		BE0BC939BD8B7686074CC227 /* include_juce_audio_plugin_client_AU_2.mm */ /* include_juce_audio_plugin_client_AU_2.mm */ = {isa = PBXFileReference; lastKnownFileType = sourcecode.cpp.objcpp; name = include_juce_audio_plugin_client_AU_2.mm; path = ../../JuceLibraryCode/include_juce_audio_plugin_client_AU_2.mm; sourceTree = SOURCE_ROOT; };
		BE5C6E0057E4CBD4016B1C61 /* include_juce_audio_plugin_client_AAX_utils.cpp */ /* include_juce_audio_plugin_client_AAX_utils.cpp */ = {isa = PBXFileReference; lastKnownFileType = sourcecode.cpp.cpp; name = include_juce_audio_plugin_client_AAX_utils.cpp; path = ../../JuceLibraryCode/include_juce_audio_plugin_client_AAX_utils.cpp; sourceTree = SOURCE_ROOT; };
		C316A3F900B4D93B776C6387 /* juce_audio_devices */ /* juce_audio_devices */ = {isa = PBXFileReference; lastKnownFileType = folder; name = juce_audio_devices; path = "~/JUCE/modules/juce_audio_devices"; sourceTree = "<absolute>"; };
		C6FA494D1ADEDE77F70B03EC /* include_juce_audio_plugin_client_ARA.cpp */ /* include_juce_audio_plugin_client_ARA.cpp */ = {isa = PBXFileReference; lastKnownFileType = sourcecode.cpp.cpp; name = include_juce_audio_plugin_client_ARA.cpp; path = ../../JuceLibraryCode/include_juce_audio_plugin_client_ARA.cpp; sourceTree = SOURCE_ROOT; };
		C708CC22089992B8BA18DA2E /* juce_VST3ManifestHelper.mm */ /* juce_VST3ManifestHelper.mm */ = {isa = PBXFileReference; lastKnownFileType = sourcecode.cpp.objcpp; name = juce_VST3ManifestHelper.mm; path = "$(HOME)/JUCE/modules/juce_audio_plugin_client/VST3/juce_VST3ManifestHelper.mm"; sourceTree = "<absolute>"; };
		C81582F032FCD8E2B2F7A6F4 /* include_juce_box2d.cpp */ /* include_juce_box2d.cpp */ = {isa = PBXFileReference; lastKnownFileType = sourcecode.cpp.cpp; name = include_juce_box2d.cpp; path = ../../JuceLibraryCode/include_juce_box2d.cpp; sourceTree = SOURCE_ROOT; };
		C908009F91DED731B100E02C /* AAX */ = {isa = PBXFileReference; explicitFileType = wrapper.cfbundle; includeInIndex = 0; path = ElouReverb.aaxplugin; sourceTree = BUILT_PRODUCTS_DIR; };
		C9CD0BB2BA4D0586687797CB /* include_juce_audio_formats.mm */ /* include_juce_audio_formats.mm */ = {isa = PBXFileReference; lastKnownFileType = sourcecode.cpp.objcpp; name = include_juce_audio_formats.mm; path = ../../JuceLibraryCode/include_juce_audio_formats.mm; sourceTree = SOURCE_ROOT; };
		CDE8E90891A6479C67FAE2E1 /* include_juce_events.mm */ /* include_juce_events.mm */ = {isa = PBXFileReference; lastKnownFileType = sourcecode.cpp.objcpp; name = include_juce_events.mm; path = ../../JuceLibraryCode/include_juce_events.mm; sourceTree = SOURCE_ROOT; };
		D17D0D747D1FF81F34FCB53F /* juce_events */ /* juce_events */ = {isa = PBXFileReference; lastKnownFileType = folder; name = juce_events; path = "~/JUCE/modules/juce_events"; sourceTree = "<absolute>"; };
		D54376136F3CDCFB82724399 /* PluginProcessor.cpp */ /* PluginProcessor.cpp */ = {isa = PBXFileReference; lastKnownFileType = sourcecode.cpp.cpp; name = PluginProcessor.cpp; path = ../../Source/PluginProcessor.cpp; sourceTree = SOURCE_ROOT; };
		D5C7724DAC9D4CD66C63C507 /* juce_gui_basics */ /* juce_gui_basics */ = {isa = PBXFileReference; lastKnownFileType = folder; name = juce_gui_basics; path = "~/JUCE/modules/juce_gui_basics"; sourceTree = "<absolute>"; };
		D78CD92CC06B9BA77A14B6C2 /* Info-VST3_Manifest_Helper.plist */ /* Info-VST3_Manifest_Helper.plist */ = {isa = PBXFileReference; lastKnownFileType = text.plist.xml; name = "Info-VST3_Manifest_Helper.plist"; path = "Info-VST3_Manifest_Helper.plist"; sourceTree = SOURCE_ROOT; };
		DA382C0B8E40094548703779 /* MetalKit.framework */ /* MetalKit.framework */ = {isa = PBXFileReference; lastKnownFileType = wrapper.framework; name = MetalKit.framework; path = System/Library/Frameworks/MetalKit.framework; sourceTree = SDKROOT; };
		DA5406DA488E5DE1A8356735 /* juce_dsp */ /* juce_dsp */ = {isa = PBXFileReference; lastKnownFileType = folder; name = juce_dsp; path = "~/JUCE/modules/juce_dsp"; sourceTree = "<absolute>"; };
		DBB69B97BA5C30B9787C0170 /* juce_graphics */ /* juce_graphics */ = {isa = PBXFileReference; lastKnownFileType = folder; name = juce_graphics; path = "~/JUCE/modules/juce_graphics"; sourceTree = "<absolute>"; };
		DFD7E4DC952D8E2E03263226 /* juce_midi_ci */ /* juce_midi_ci */ = {isa = PBXFileReference; lastKnownFileType = folder; name = juce_midi_ci; path = "~/JUCE/modules/juce_midi_ci"; sourceTree = "<absolute>"; };
		E0DFDDC984E96C840C58F838 /* include_juce_audio_plugin_client_VST3.mm */ /* include_juce_audio_plugin_client_VST3.mm */ = {isa = PBXFileReference; lastKnownFileType = sourcecode.cpp.objcpp; name = include_juce_audio_plugin_client_VST3.mm; path = ../../JuceLibraryCode/include_juce_audio_plugin_client_VST3.mm; sourceTree = SOURCE_ROOT; };
		E21CC434BEF79733B713B42E /* CoreMIDI.framework */ /* CoreMIDI.framework */ = {isa = PBXFileReference; lastKnownFileType = wrapper.framework; name = CoreMIDI.framework; path = System/Library/Frameworks/CoreMIDI.framework; sourceTree = SDKROOT; };
		E482F9A34FEF683DE2E0E97A /* Security.framework */ /* Security.framework */ = {isa = PBXFileReference; lastKnownFileType = wrapper.framework; name = Security.framework; path = System/Library/Frameworks/Security.framework; sourceTree = SDKROOT; };
		E580FA9CE3248F3AC2DECD85 /* juce_core */ /* juce_core */ = {isa = PBXFileReference; lastKnownFileType = folder; name = juce_core; path = "~/JUCE/modules/juce_core"; sourceTree = "<absolute>"; };
		EA51FE6B20C3FE67B1A9BF84 /* include_juce_audio_plugin_client_Standalone.cpp */ /* include_juce_audio_plugin_client_Standalone.cpp */ = {isa = PBXFileReference; lastKnownFileType = sourcecode.cpp.cpp; name = include_juce_audio_plugin_client_Standalone.cpp; path = ../../JuceLibraryCode/include_juce_audio_plugin_client_Standalone.cpp; sourceTree = SOURCE_ROOT; };
		EBE33A6539FE39D9E1EA6D2D /* include_juce_audio_plugin_client_AAX.mm */ /* include_juce_audio_plugin_client_AAX.mm */ = {isa = PBXFileReference; lastKnownFileType = sourcecode.cpp.objcpp; name = include_juce_audio_plugin_client_AAX.mm; path = ../../JuceLibraryCode/include_juce_audio_plugin_client_AAX.mm; sourceTree = SOURCE_ROOT; };
		EE35796E4EC84EF116D3BC37 /* Info-VST3.plist */ /* Info-VST3.plist */ = {isa = PBXFileReference; lastKnownFileType = text.plist.xml; name = "Info-VST3.plist"; path = "Info-VST3.plist"; sourceTree = SOURCE_ROOT; };
		EED778A2789A931E99EB1BD0 /* JuceHeader.h */ /* JuceHeader.h */ = {isa = PBXFileReference; lastKnownFileType = sourcecode.c.h; name = JuceHeader.h; path = ../../JuceLibraryCode/JuceHeader.h; sourceTree = SOURCE_ROOT; };
		EF699C41DF0887DD6D6D2687 /* include_juce_animation.cpp */ /* include_juce_animation.cpp */ = {isa = PBXFileReference; lastKnownFileType = sourcecode.cpp.cpp; name = include_juce_animation.cpp; path = ../../JuceLibraryCode/include_juce_animation.cpp; sourceTree = SOURCE_ROOT; };
		EFB01F98250715A7B8A16533 /* VST3 Manifest Helper */ = {isa = PBXFileReference; explicitFileType = "compiled.mach-o.executable"; includeInIndex = 0; path = juce_vst3_helper; sourceTree = BUILT_PRODUCTS_DIR; };
		F17BF469B658CCDCA58B52B7 /* Standalone Plugin */ = {isa = PBXFileReference; explicitFileType = wrapper.application; includeInIndex = 0; path = ElouReverb.app; sourceTree = BUILT_PRODUCTS_DIR; };
		FB2DDC27BFE3327C776674C1 /* Cocoa.framework */ /* Cocoa.framework */ = {isa = PBXFileReference; lastKnownFileType = wrapper.framework; name = Cocoa.framework; path = System/Library/Frameworks/Cocoa.framework; sourceTree = SDKROOT; };
		FEAD2ED02746AD5C7767E164 /* VST3 */ = {isa = PBXFileReference; explicitFileType = wrapper.cfbundle; includeInIndex = 0; path = ElouReverb.vst3; sourceTree = BUILT_PRODUCTS_DIR; };
/* End PBXFileReference section */

/* Begin PBXFrameworksBuildPhase section */
		14B519A206CCCDB9B402178F = {
			isa = PBXFrameworksBuildPhase;
			buildActionMask = 2147483647;
			files = (
				036F5E13D72A339DC817D82B,
				D34CA407C74320A8F02BCEF0,
				6B55371F73C514DEDC6D535E,
				8567A0BD35A85ADA8C163FBF,
				17287CA3F4CA46EAEFE10663,
				F9514CE14C9F07796C3B9278,
				83DA332047A21679998EF587,
				F786467C3D52A191C68D6C94,
				84A97B4854B4C3E2CAEB7E63,
				D0C1930B2E5B90B7C94C68FD,
				A1DC3B95FF6C7B4BD014E01B,
				187256834B08CBF4E71F966B,
				639DA4FDEFC735D86EF502C4,
				CA4D7191D21A67759E13C0D0,
				C412B86C1A2B9D6C031A42EB,
			);
			runOnlyForDeploymentPostprocessing = 0;
		};
		23282ADB265023A5CDF6A7C7 = {
			isa = PBXFrameworksBuildPhase;
			buildActionMask = 2147483647;
			files = (
				D34CA407C74320A8F02BCEF0,
				6B55371F73C514DEDC6D535E,
				8567A0BD35A85ADA8C163FBF,
				17287CA3F4CA46EAEFE10663,
				F9514CE14C9F07796C3B9278,
				83DA332047A21679998EF587,
				F786467C3D52A191C68D6C94,
				84A97B4854B4C3E2CAEB7E63,
				D0C1930B2E5B90B7C94C68FD,
				A1DC3B95FF6C7B4BD014E01B,
				187256834B08CBF4E71F966B,
				639DA4FDEFC735D86EF502C4,
				CA4D7191D21A67759E13C0D0,
				C412B86C1A2B9D6C031A42EB,
			);
			runOnlyForDeploymentPostprocessing = 0;
		};
		68057446C7751A296F91A31F = {
			isa = PBXFrameworksBuildPhase;
			buildActionMask = 2147483647;
			files = (
				D34CA407C74320A8F02BCEF0,
				6B55371F73C514DEDC6D535E,
				8567A0BD35A85ADA8C163FBF,
				17287CA3F4CA46EAEFE10663,
				F9514CE14C9F07796C3B9278,
				83DA332047A21679998EF587,
				F786467C3D52A191C68D6C94,
				84A97B4854B4C3E2CAEB7E63,
				D0C1930B2E5B90B7C94C68FD,
				A1DC3B95FF6C7B4BD014E01B,
				187256834B08CBF4E71F966B,
				639DA4FDEFC735D86EF502C4,
				CA4D7191D21A67759E13C0D0,
				C412B86C1A2B9D6C031A42EB,
			);
			runOnlyForDeploymentPostprocessing = 0;
		};
		E125C2F4E3F92EC51DBEBBA1 = {
			isa = PBXFrameworksBuildPhase;
			buildActionMask = 2147483647;
			files = (
				D34CA407C74320A8F02BCEF0,
				6B55371F73C514DEDC6D535E,
				8567A0BD35A85ADA8C163FBF,
				17287CA3F4CA46EAEFE10663,
				F9514CE14C9F07796C3B9278,
				83DA332047A21679998EF587,
				F786467C3D52A191C68D6C94,
				84A97B4854B4C3E2CAEB7E63,
				D0C1930B2E5B90B7C94C68FD,
				A1DC3B95FF6C7B4BD014E01B,
				187256834B08CBF4E71F966B,
				639DA4FDEFC735D86EF502C4,
				CA4D7191D21A67759E13C0D0,
				C412B86C1A2B9D6C031A42EB,
			);
			runOnlyForDeploymentPostprocessing = 0;
		};
		E6F44AEF753745B8947B1200 = {
			isa = PBXFrameworksBuildPhase;
			buildActionMask = 2147483647;
			files = (
				D34CA407C74320A8F02BCEF0,
				6B55371F73C514DEDC6D535E,
				8567A0BD35A85ADA8C163FBF,
				17287CA3F4CA46EAEFE10663,
				F9514CE14C9F07796C3B9278,
				83DA332047A21679998EF587,
				F786467C3D52A191C68D6C94,
				84A97B4854B4C3E2CAEB7E63,
				D0C1930B2E5B90B7C94C68FD,
				A1DC3B95FF6C7B4BD014E01B,
				187256834B08CBF4E71F966B,
				639DA4FDEFC735D86EF502C4,
				CA4D7191D21A67759E13C0D0,
				C412B86C1A2B9D6C031A42EB,
			);
			runOnlyForDeploymentPostprocessing = 0;
		};
/* End PBXFrameworksBuildPhase section */

/* Begin PBXGroup section */
		4DE5D313767EAB3B2EA16E62 /* Frameworks */ = {
			isa = PBXGroup;
			children = (
				5C1066400EE601F9AF7C8770,
				799448357E3EFDBD588270DA,
				7C5448DB7F79897E302D6E87,
				FB2DDC27BFE3327C776674C1,
				016EC50EEAC1231AB20C4253,
				2C151C9B84E804808B303F83,
				E21CC434BEF79733B713B42E,
				60F1F568C01C46A7CEDD66C5,
				86380084E6329E9686C28447,
				0997D1924709A2934E6D4C0F,
				55BF2D5F0BCCCA4AE79680EB,
				E482F9A34FEF683DE2E0E97A,
				76686B66F36227E801A4E214,
				786FDC2103E8A946BAEA0845,
				DA382C0B8E40094548703779,
			);
			name = Frameworks;
			sourceTree = "<group>";
		};
		5BB9B66EEA4999496593E7B2 /* JUCE Library Code */ = {
			isa = PBXGroup;
			children = (
				9A26A8B235F435CC8A2B1C31,
				EF699C41DF0887DD6D6D2687,
				3FBC134A459881D4368597EA,
				A2ADB9735B585C68EAF720E6,
				C9CD0BB2BA4D0586687797CB,
				EBE33A6539FE39D9E1EA6D2D,
				BE5C6E0057E4CBD4016B1C61,
				C6FA494D1ADEDE77F70B03EC,
				5957AB6DF1656A3E37C9CF72,
				BE0BC939BD8B7686074CC227,
				EA51FE6B20C3FE67B1A9BF84,
				E0DFDDC984E96C840C58F838,
				BCD232FF019136CDCDA76C75,
				2014789CCABDC7002957451F,
				537FE08B59D435DD5625D44B,
				3964264DBE669DCE973A42AF,
				C81582F032FCD8E2B2F7A6F4,
				9B5B62742D98A5472C0E2213,
				275BC0C8E75D475799DD7A59,
				643AB6E46C6610FE67F585EA,
				AE83AA3D0DC9E553097B3C53,
				CDE8E90891A6479C67FAE2E1,
				6E793B3428897EBEA140B4A9,
				96CDDE3C942CE711D0A3F578,
				A387A8E5161130A3EF7684DA,
				86A11A2E847A8C99BF1C63E4,
				7083EEDBABFB15EF1BAA424F,
				5C523716472E0877A1366812,
				B56D3B8B4664669C0D567A90,
				EED778A2789A931E99EB1BD0,
				28CC05DD82DC0EB2FA1E4E85,
			);
			name = "JUCE Library Code";
			sourceTree = "<group>";
		};
		6509B82DBEBE8DB4627FB8C7 /* Products */ = {
			isa = PBXGroup;
			children = (
				FEAD2ED02746AD5C7767E164,
				C908009F91DED731B100E02C,
				5A016E7453C8AE0E1730706C,
				F17BF469B658CCDCA58B52B7,
				54CA2C82FBC9F013EC22F806,
				EFB01F98250715A7B8A16533,
			);
			name = Products;
			sourceTree = "<group>";
		};
		71FB60B3FD0267B859F4BCDF /* Source */ = {
			isa = PBXGroup;
			children = (
				CD9AB21258EBB7F3653B9C8C,
				85E622362B69A784E3977E5D,
				5BB9B66EEA4999496593E7B2,
				9802605CDFC36799997EF733,
				4DE5D313767EAB3B2EA16E62,
				6509B82DBEBE8DB4627FB8C7,
			);
			name = Source;
			sourceTree = "<group>";
		};
		85E622362B69A784E3977E5D /* JUCE Modules */ = {
			isa = PBXGroup;
			children = (
				4B1A10A26BC1ABA19B9C46B9,
				0E1CCE34FC8B0952CD6EA8C8,
				C316A3F900B4D93B776C6387,
				1CC6471A74614ADEBA7643B5,
				74A0C76BA2F2743021F1F31F,
				53131182943E78B87374BC52,
				04900C693C2A7A57C3D5AB2B,
				A08ECE34BB9543A6C4A63E3E,
				E580FA9CE3248F3AC2DECD85,
				4CE2AF39695635B4935F04C1,
				DA5406DA488E5DE1A8356735,
				D17D0D747D1FF81F34FCB53F,
				DBB69B97BA5C30B9787C0170,
				D5C7724DAC9D4CD66C63C507,
				05B513EE4A8D922FEC8A9C9A,
				1C1229498FB60900554163A9,
				DFD7E4DC952D8E2E03263226,
			);
			name = "JUCE Modules";
			sourceTree = "<group>";
		};
		9802605CDFC36799997EF733 /* Resources */ = {
			isa = PBXGroup;
			children = (
				EE35796E4EC84EF116D3BC37,
				325159154A923F55F3A83C80,
				45F9201A8F889D52E6C64EA5,
				5514D1072AAB50EA56CC2C18,
				D78CD92CC06B9BA77A14B6C2,
				BBF3D34685B219646B50F67B,
			);
			name = Resources;
			sourceTree = "<group>";
		};
		CD9AB21258EBB7F3653B9C8C /* ElouReverb */ = {
			isa = PBXGroup;
			children = (
				E84FAE689EE0A747E053EE9E,
			);
			name = ElouReverb;
			sourceTree = "<group>";
		};
		E84FAE689EE0A747E053EE9E /* Source */ = {
			isa = PBXGroup;
			children = (
				D54376136F3CDCFB82724399,
				8C42600048856CDDC41C4837,
				131D2367914152CE031FD01F,
				5F031A6B6E079AA920547A14,
			);
			name = Source;
			sourceTree = "<group>";
		};
/* End PBXGroup section */

/* Begin PBXNativeTarget section */
		3E3A06DD28D2026CA3B0E1A9 /* ElouReverb - Shared Code */ = {
			isa = PBXNativeTarget;
			buildConfigurationList = 002A594AFE8EE5EEDCE24FFB;
			buildPhases = (
				409784578B203BB508065212,
			);
			buildRules = (
			);
			dependencies = (
			);
			name = "ElouReverb - Shared Code";
			productName = ElouReverb;
			productReference = 54CA2C82FBC9F013EC22F806;
			productType = "com.apple.product-type.library.static";
		};
		6C84712BB8E02642CA882068 /* ElouReverb - VST3 Manifest Helper */ = {
			isa = PBXNativeTarget;
			buildConfigurationList = ED069C20A3F29AD3E4D5B462;
			buildPhases = (
				DD3FA18CA4C74BE75CF675CA,
				E6F44AEF753745B8947B1200,
			);
			buildRules = (
			);
			dependencies = (
			);
			name = "ElouReverb - VST3 Manifest Helper";
			productName = ElouReverb;
			productReference = EFB01F98250715A7B8A16533;
			productType = "com.apple.product-type.tool";
		};
		D45C46DDA110B31129A11801 /* ElouReverb - VST3 */ = {
			isa = PBXNativeTarget;
			buildConfigurationList = CB25C51D00ED46BC9A7C1A4A;
			buildPhases = (
				D74AE055D72A1240CA3C8E16,
				396BC6C31FE364CA013CAA99,
				23282ADB265023A5CDF6A7C7,
				31D83B4A35E7409F3570D6E5,
				A1B47FB4EC7FFD79E96DD7A3,
			);
			buildRules = (
			);
			dependencies = (
				E751A1AD596EF16957D787F5,
				497CEA76EA2E6F077C4A4689,
			);
			name = "ElouReverb - VST3";
			productName = ElouReverb;
			productReference = FEAD2ED02746AD5C7767E164;
			productType = "com.apple.product-type.bundle";
		};
		D4616C32EEF7DB430D754002 /* ElouReverb - AAX */ = {
			isa = PBXNativeTarget;
			buildConfigurationList = B965C52F96A5E8263E021963;
			buildPhases = (
				5AB7E6873EE22A4BA148B677,
				4A8151D7482B95B9FF8829A4,
				68057446C7751A296F91A31F,
				A4B2FD289E7351F8D37E2F7F,
			);
			buildRules = (
			);
			dependencies = (
				5E3EEF848304AF72773E1987,
			);
			name = "ElouReverb - AAX";
			productName = ElouReverb;
			productReference = C908009F91DED731B100E02C;
			productType = "com.apple.product-type.bundle";
		};
		DE393250184B3173C82F2D61 /* ElouReverb - Standalone Plugin */ = {
			isa = PBXNativeTarget;
			buildConfigurationList = BEEF1096724A63E258A16D60;
			buildPhases = (
				AFC0932142CC57D0CC6D1275,
				6034AD8BDEF406F48BF61FE4,
				E125C2F4E3F92EC51DBEBBA1,
			);
			buildRules = (
			);
			dependencies = (
				887572F17BB21156A39F9196,
			);
			name = "ElouReverb - Standalone Plugin";
			productName = ElouReverb;
			productReference = F17BF469B658CCDCA58B52B7;
			productType = "com.apple.product-type.application";
		};
		E14A5761D21D30AAD8A7F8F8 /* ElouReverb - AU */ = {
			isa = PBXNativeTarget;
			buildConfigurationList = CE0126FD7D6908464621B689;
			buildPhases = (
				CEA82758D275039060DB510A,
				C658EF5D7ABB3BC2EEDAEC5F,
				14B519A206CCCDB9B402178F,
				27E4FB3480B513969FE7C5BD,
			);
			buildRules = (
			);
			dependencies = (
				8DD6151F8626346A7719E894,
			);
			name = "ElouReverb - AU";
			productName = ElouReverb;
			productReference = 5A016E7453C8AE0E1730706C;
			productType = "com.apple.product-type.bundle";
		};
/* End PBXNativeTarget section */

/* Begin PBXProject section */
		AC6185A1DA6CD553F43D0629 = {
			isa = PBXProject;
			attributes = {
				BuildIndependentTargetsInParallel = YES;
				LastUpgradeCheck = 1340;
				ORGANIZATIONNAME = "Elouann";
				TargetAttributes = {
					0CCA8CCED76264CAD8C033B3 = {
						SystemCapabilities = {
							com.apple.ApplicationGroups.iOS = {
								enabled = 0;
							};
							com.apple.HardenedRuntime = {
								enabled = 0;
							};
							com.apple.InAppPurchase = {
								enabled = 0;
							};
							com.apple.InterAppAudio = {
								enabled = 0;
							};
							com.apple.Push = {
								enabled = 0;
							};
							com.apple.Sandbox = {
								enabled = 0;
							};
						};
					};
					3E3A06DD28D2026CA3B0E1A9 = {
						SystemCapabilities = {
							com.apple.ApplicationGroups.iOS = {
								enabled = 0;
							};
							com.apple.HardenedRuntime = {
								enabled = 0;
							};
							com.apple.InAppPurchase = {
								enabled = 0;
							};
							com.apple.InterAppAudio = {
								enabled = 0;
							};
							com.apple.Push = {
								enabled = 0;
							};
							com.apple.Sandbox = {
								enabled = 0;
							};
						};
					};
					6C84712BB8E02642CA882068 = {
						SystemCapabilities = {
							com.apple.ApplicationGroups.iOS = {
								enabled = 0;
							};
							com.apple.HardenedRuntime = {
								enabled = 0;
							};
							com.apple.InAppPurchase = {
								enabled = 0;
							};
							com.apple.InterAppAudio = {
								enabled = 0;
							};
							com.apple.Push = {
								enabled = 0;
							};
							com.apple.Sandbox = {
								enabled = 0;
							};
						};
					};
					D45C46DDA110B31129A11801 = {
						SystemCapabilities = {
							com.apple.ApplicationGroups.iOS = {
								enabled = 0;
							};
							com.apple.HardenedRuntime = {
								enabled = 0;
							};
							com.apple.InAppPurchase = {
								enabled = 0;
							};
							com.apple.InterAppAudio = {
								enabled = 0;
							};
							com.apple.Push = {
								enabled = 0;
							};
							com.apple.Sandbox = {
								enabled = 0;
							};
						};
					};
					D4616C32EEF7DB430D754002 = {
						SystemCapabilities = {
							com.apple.ApplicationGroups.iOS = {
								enabled = 0;
							};
							com.apple.HardenedRuntime = {
								enabled = 0;
							};
							com.apple.InAppPurchase = {
								enabled = 0;
							};
							com.apple.InterAppAudio = {
								enabled = 0;
							};
							com.apple.Push = {
								enabled = 0;
							};
							com.apple.Sandbox = {
								enabled = 0;
							};
						};
					};
					DE393250184B3173C82F2D61 = {
						SystemCapabilities = {
							com.apple.ApplicationGroups.iOS = {
								enabled = 0;
							};
							com.apple.HardenedRuntime = {
								enabled = 0;
							};
							com.apple.InAppPurchase = {
								enabled = 0;
							};
							com.apple.InterAppAudio = {
								enabled = 0;
							};
							com.apple.Push = {
								enabled = 0;
							};
							com.apple.Sandbox = {
								enabled = 0;
							};
						};
					};
					E14A5761D21D30AAD8A7F8F8 = {
						SystemCapabilities = {
							com.apple.ApplicationGroups.iOS = {
								enabled = 0;
							};
							com.apple.HardenedRuntime = {
								enabled = 0;
							};
							com.apple.InAppPurchase = {
								enabled = 0;
							};
							com.apple.InterAppAudio = {
								enabled = 0;
							};
							com.apple.Push = {
								enabled = 0;
							};
							com.apple.Sandbox = {
								enabled = 0;
							};
						};
					};
				};
			};
			buildConfigurationList = C4EBD6551A09D95ABAFB8F06;
			compatibilityVersion = "Xcode 3.2";
			hasScannedForEncodings = 0;
			knownRegions = (
				en,
				Base,
			);
			mainGroup = 71FB60B3FD0267B859F4BCDF;
			projectDirPath = "";
			projectRoot = "";
			targets = (
				0CCA8CCED76264CAD8C033B3,
				D45C46DDA110B31129A11801,
				D4616C32EEF7DB430D754002,
				E14A5761D21D30AAD8A7F8F8,
				DE393250184B3173C82F2D61,
				3E3A06DD28D2026CA3B0E1A9,
				6C84712BB8E02642CA882068,
			);
		};
/* End PBXProject section */

/* Begin PBXResourcesBuildPhase section */
		5AB7E6873EE22A4BA148B677 = {
			isa = PBXResourcesBuildPhase;
			buildActionMask = 2147483647;
			files = (
				5D79EB2B3F52E4C50972BB88,
			);
			runOnlyForDeploymentPostprocessing = 0;
		};
		AFC0932142CC57D0CC6D1275 = {
			isa = PBXResourcesBuildPhase;
			buildActionMask = 2147483647;
			files = (
				5D79EB2B3F52E4C50972BB88,
			);
			runOnlyForDeploymentPostprocessing = 0;
		};
		CEA82758D275039060DB510A = {
			isa = PBXResourcesBuildPhase;
			buildActionMask = 2147483647;
			files = (
				5D79EB2B3F52E4C50972BB88,
			);
			runOnlyForDeploymentPostprocessing = 0;
		};
		D74AE055D72A1240CA3C8E16 = {
			isa = PBXResourcesBuildPhase;
			buildActionMask = 2147483647;
			files = (
				5D79EB2B3F52E4C50972BB88,
			);
			runOnlyForDeploymentPostprocessing = 0;
		};
/* End PBXResourcesBuildPhase section */

/* Begin PBXShellScriptBuildPhase section */
		27E4FB3480B513969FE7C5BD /* Plugin Copy Step */ = {
			isa = PBXShellScriptBuildPhase;
			buildActionMask = 2147483647;
			files = (
			);
			runOnlyForDeploymentPostprocessing = 0;
			name = "Plugin Copy Step";
			alwaysOutOfDate = 1;
			shellPath = /bin/sh;
			shellScript = "set -euo pipefail\n\nif [[ \"${CONFIGURATION}\" == \"Debug\" ]]; then\n  destinationPlugin=\"${HOME}/Library/Audio/Plug-Ins/Components//$(basename \"${TARGET_BUILD_DIR}/${WRAPPER_NAME}\")\"\n  echo Running rm -rf \\\"${destinationPlugin}\\\"\n  rm -rf \"${destinationPlugin}\"\n  echo Running ditto \\\"${TARGET_BUILD_DIR}/${WRAPPER_NAME}\\\" \\\"${destinationPlugin}\\\"\n  ditto \"${TARGET_BUILD_DIR}/${WRAPPER_NAME}\" \"${destinationPlugin}\"\n\n  if [[ -n \"${EXPANDED_CODE_SIGN_IDENTITY-}\" ]]; then\n    if [[ -n \"${CODE_SIGN_ENTITLEMENTS-}\" ]]; then\n      entitlementsArg=(--entitlements \"${CODE_SIGN_ENTITLEMENTS}\")\n    fi\n\n    echo Signing Identity: \\\"${EXPANDED_CODE_SIGN_IDENTITY_NAME}\\\"\n    echo Running codesign --verbose=4 --force --sign \\\"${EXPANDED_CODE_SIGN_IDENTITY}\\\" ${entitlementsArg[*]-} ${OTHER_CODE_SIGN_FLAGS-} \\\"${HOME}/Library/Audio/Plug-Ins/Components//${WRAPPER_NAME}\\\"\n    codesign --verbose=4 --force --sign \"${EXPANDED_CODE_SIGN_IDENTITY}\" ${entitlementsArg[*]-} ${OTHER_CODE_SIGN_FLAGS-} \"${HOME}/Library/Audio/Plug-Ins/Components//${WRAPPER_NAME}\"\n  fi\nfi\n\nif [[ \"${CONFIGURATION}\" == \"Release\" ]]; then\n  destinationPlugin=\"${HOME}/Library/Audio/Plug-Ins/Components//$(basename \"${TARGET_BUILD_DIR}/${WRAPPER_NAME}\")\"\n  echo Running rm -rf \\\"${destinationPlugin}\\\"\n  rm -rf \"${destinationPlugin}\"\n  echo Running ditto \\\"${TARGET_BUILD_DIR}/${WRAPPER_NAME}\\\" \\\"${destinationPlugin}\\\"\n  ditto \"${TARGET_BUILD_DIR}/${WRAPPER_NAME}\" \"${destinationPlugin}\"\n\n  if [[ -n \"${EXPANDED_CODE_SIGN_IDENTITY-}\" ]]; then\n    if [[ -n \"${CODE_SIGN_ENTITLEMENTS-}\" ]]; then\n      entitlementsArg=(--entitlements \"${CODE_SIGN_ENTITLEMENTS}\")\n    fi\n\n    echo Signing Identity: \\\"${EXPANDED_CODE_SIGN_IDENTITY_NAME}\\\"\n    echo Running codesign --verbose=4 --force --sign \\\"${EXPANDED_CODE_SIGN_IDENTITY}\\\" ${entitlementsArg[*]-} ${OTHER_CODE_SIGN_FLAGS-} \\\"${HOME}/Library/Audio/Plug-Ins/Components//${WRAPPER_NAME}\\\"\n    codesign --verbose=4 --force --sign \"${EXPANDED_CODE_SIGN_IDENTITY}\" ${entitlementsArg[*]-} ${OTHER_CODE_SIGN_FLAGS-} \"${HOME}/Library/Audio/Plug-Ins/Components//${WRAPPER_NAME}\"\n  fi\nfi\n";
		};
		31D83B4A35E7409F3570D6E5 /* Update manifest */ = {
			isa = PBXShellScriptBuildPhase;
			buildActionMask = 2147483647;
			files = (
			);
			runOnlyForDeploymentPostprocessing = 0;
			name = "Update manifest";
			alwaysOutOfDate = 1;
			shellPath = /bin/sh;
			shellScript = "set -euo pipefail\n\necho Running codesign --verbose=4 --force --sign - \\\"${CONFIGURATION_BUILD_DIR}/${WRAPPER_NAME}\\\"\ncodesign --verbose=4 --force --sign - \"${CONFIGURATION_BUILD_DIR}/${WRAPPER_NAME}\"\n\necho Running \\\"${CONFIGURATION_BUILD_DIR}/juce_vst3_helper\\\" -create -version \\\"1.0\\\" -path \\\"${CONFIGURATION_BUILD_DIR}/${WRAPPER_NAME}\\\" -output \\\"${CONFIGURATION_BUILD_DIR}/${WRAPPER_NAME}/Contents/Resources/moduleinfo.json\\\"\n\"${CONFIGURATION_BUILD_DIR}/juce_vst3_helper\" -create -version \"1.0\" -path \"${CONFIGURATION_BUILD_DIR}/${WRAPPER_NAME}\" -output \"${CONFIGURATION_BUILD_DIR}/${WRAPPER_NAME}/Contents/Resources/moduleinfo.json\"\n";
		};
		A1B47FB4EC7FFD79E96DD7A3 /* Plugin Copy Step */ = {
			isa = PBXShellScriptBuildPhase;
			buildActionMask = 2147483647;
			files = (
			);
			runOnlyForDeploymentPostprocessing = 0;
			name = "Plugin Copy Step";
			alwaysOutOfDate = 1;
			shellPath = /bin/sh;
			shellScript = "set -euo pipefail\n\nif [[ \"${CONFIGURATION}\" == \"Debug\" ]]; then\n  destinationPlugin=\"${HOME}/Library/Audio/Plug-Ins/VST3//$(basename \"${TARGET_BUILD_DIR}/${WRAPPER_NAME}\")\"\n  echo Running rm -rf \\\"${destinationPlugin}\\\"\n  rm -rf \"${destinationPlugin}\"\n  echo Running ditto \\\"${TARGET_BUILD_DIR}/${WRAPPER_NAME}\\\" \\\"${destinationPlugin}\\\"\n  ditto \"${TARGET_BUILD_DIR}/${WRAPPER_NAME}\" \"${destinationPlugin}\"\n\n  if [[ -n \"${EXPANDED_CODE_SIGN_IDENTITY-}\" ]]; then\n    if [[ -n \"${CODE_SIGN_ENTITLEMENTS-}\" ]]; then\n      entitlementsArg=(--entitlements \"${CODE_SIGN_ENTITLEMENTS}\")\n    fi\n\n    echo Signing Identity: \\\"${EXPANDED_CODE_SIGN_IDENTITY_NAME}\\\"\n    echo Running codesign --verbose=4 --force --sign \\\"${EXPANDED_CODE_SIGN_IDENTITY}\\\" ${entitlementsArg[*]-} ${OTHER_CODE_SIGN_FLAGS-} \\\"${HOME}/Library/Audio/Plug-Ins/VST3//${WRAPPER_NAME}\\\"\n    codesign --verbose=4 --force --sign \"${EXPANDED_CODE_SIGN_IDENTITY}\" ${entitlementsArg[*]-} ${OTHER_CODE_SIGN_FLAGS-} \"${HOME}/Library/Audio/Plug-Ins/VST3//${WRAPPER_NAME}\"\n  fi\nfi\n\nif [[ \"${CONFIGURATION}\" == \"Release\" ]]; then\n  destinationPlugin=\"${HOME}/Library/Audio/Plug-Ins/VST3//$(basename \"${TARGET_BUILD_DIR}/${WRAPPER_NAME}\")\"\n  echo Running rm -rf \\\"${destinationPlugin}\\\"\n  rm -rf \"${destinationPlugin}\"\n  echo Running ditto \\\"${TARGET_BUILD_DIR}/${WRAPPER_NAME}\\\" \\\"${destinationPlugin}\\\"\n  ditto \"${TARGET_BUILD_DIR}/${WRAPPER_NAME}\" \"${destinationPlugin}\"\n\n  if [[ -n \"${EXPANDED_CODE_SIGN_IDENTITY-}\" ]]; then\n    if [[ -n \"${CODE_SIGN_ENTITLEMENTS-}\" ]]; then\n      entitlementsArg=(--entitlements \"${CODE_SIGN_ENTITLEMENTS}\")\n    fi\n\n    echo Signing Identity: \\\"${EXPANDED_CODE_SIGN_IDENTITY_NAME}\\\"\n    echo Running codesign --verbose=4 --force --sign \\\"${EXPANDED_CODE_SIGN_IDENTITY}\\\" ${entitlementsArg[*]-} ${OTHER_CODE_SIGN_FLAGS-} \\\"${HOME}/Library/Audio/Plug-Ins/VST3//${WRAPPER_NAME}\\\"\n    codesign --verbose=4 --force --sign \"${EXPANDED_CODE_SIGN_IDENTITY}\" ${entitlementsArg[*]-} ${OTHER_CODE_SIGN_FLAGS-} \"${HOME}/Library/Audio/Plug-Ins/VST3//${WRAPPER_NAME}\"\n  fi\nfi\n";
		};
		A4B2FD289E7351F8D37E2F7F /* Plugin Copy Step */ = {
			isa = PBXShellScriptBuildPhase;
			buildActionMask = 2147483647;
			files = (
			);
			runOnlyForDeploymentPostprocessing = 0;
			name = "Plugin Copy Step";
			alwaysOutOfDate = 1;
			shellPath = /bin/sh;
			shellScript = "set -euo pipefail\n\nif [[ \"${CONFIGURATION}\" == \"Debug\" ]]; then\n  destinationPlugin=\"/Library/Application Support/Avid/Audio/Plug-Ins//$(basename \"${TARGET_BUILD_DIR}/${WRAPPER_NAME}\")\"\n  echo Running rm -rf \\\"${destinationPlugin}\\\"\n  rm -rf \"${destinationPlugin}\"\n  echo Running ditto \\\"${TARGET_BUILD_DIR}/${WRAPPER_NAME}\\\" \\\"${destinationPlugin}\\\"\n  ditto \"${TARGET_BUILD_DIR}/${WRAPPER_NAME}\" \"${destinationPlugin}\"\n\n  if [[ -n \"${EXPANDED_CODE_SIGN_IDENTITY-}\" ]]; then\n    if [[ -n \"${CODE_SIGN_ENTITLEMENTS-}\" ]]; then\n      entitlementsArg=(--entitlements \"${CODE_SIGN_ENTITLEMENTS}\")\n    fi\n\n    echo Signing Identity: \\\"${EXPANDED_CODE_SIGN_IDENTITY_NAME}\\\"\n    echo Running codesign --verbose=4 --force --sign \\\"${EXPANDED_CODE_SIGN_IDENTITY}\\\" ${entitlementsArg[*]-} ${OTHER_CODE_SIGN_FLAGS-} \\\"/Library/Application Support/Avid/Audio/Plug-Ins//${WRAPPER_NAME}\\\"\n    codesign --verbose=4 --force --sign \"${EXPANDED_CODE_SIGN_IDENTITY}\" ${entitlementsArg[*]-} ${OTHER_CODE_SIGN_FLAGS-} \"/Library/Application Support/Avid/Audio/Plug-Ins//${WRAPPER_NAME}\"\n  fi\nfi\n\nif [[ \"${CONFIGURATION}\" == \"Release\" ]]; then\n  destinationPlugin=\"/Library/Application Support/Avid/Audio/Plug-Ins//$(basename \"${TARGET_BUILD_DIR}/${WRAPPER_NAME}\")\"\n  echo Running rm -rf \\\"${destinationPlugin}\\\"\n  rm -rf \"${destinationPlugin}\"\n  echo Running ditto \\\"${TARGET_BUILD_DIR}/${WRAPPER_NAME}\\\" \\\"${destinationPlugin}\\\"\n  ditto \"${TARGET_BUILD_DIR}/${WRAPPER_NAME}\" \"${destinationPlugin}\"\n\n  if [[ -n \"${EXPANDED_CODE_SIGN_IDENTITY-}\" ]]; then\n    if [[ -n \"${CODE_SIGN_ENTITLEMENTS-}\" ]]; then\n      entitlementsArg=(--entitlements \"${CODE_SIGN_ENTITLEMENTS}\")\n    fi\n\n    echo Signing Identity: \\\"${EXPANDED_CODE_SIGN_IDENTITY_NAME}\\\"\n    echo Running codesign --verbose=4 --force --sign \\\"${EXPANDED_CODE_SIGN_IDENTITY}\\\" ${entitlementsArg[*]-} ${OTHER_CODE_SIGN_FLAGS-} \\\"/Library/Application Support/Avid/Audio/Plug-Ins//${WRAPPER_NAME}\\\"\n    codesign --verbose=4 --force --sign \"${EXPANDED_CODE_SIGN_IDENTITY}\" ${entitlementsArg[*]-} ${OTHER_CODE_SIGN_FLAGS-} \"/Library/Application Support/Avid/Audio/Plug-Ins//${WRAPPER_NAME}\"\n  fi\nfi\n";
		};
/* End PBXShellScriptBuildPhase section */

/* Begin PBXSourcesBuildPhase section */
		396BC6C31FE364CA013CAA99 = {
			isa = PBXSourcesBuildPhase;
			buildActionMask = 2147483647;
			files = (
				7A5CED58C21EB4F808585681,
			);
			runOnlyForDeploymentPostprocessing = 0;
		};
		409784578B203BB508065212 = {
			isa = PBXSourcesBuildPhase;
			buildActionMask = 2147483647;
			files = (
				E52141915AEEB58216A52C79,
				064D948F96F08EC194489144,
				E7E1341BB7A9D37CFAA23DE0,
				C76D44BF66970FF1B61465C5,
				61186060B2D5F0659B03E5F0,
				B99784613E453897AD9EA21F,
				9CEA7612178F4EDC0D64CD50,
				7B5DD88BA407839AF9D79C86,
				6825E30E6030D5B38D94AFB8,
				26B633A746B474E0F1868CA5,
				0CDA3926E8B760956133C94C,
				5457B435DD6AD547C1A2C264,
				A8724620FFBE470B47C69581,
				AEEA4369B6856ACFA67ECFCE,
				471D8B6ABC66D1D845F8DE91,
				3AC2C24FEAFF7A617C60D613,
				7B542495038D83814FD228BE,
				8E8273803E0015AE35414117,
				A54CFCC420570448943AFA3A,
				77C7E70E8568E3DA68515F85,
				1C0CE4D05EC07D2AD54688DD,
				DE79C643CC3F04A6742A9670,
				D4C91FE93B5BC957CD5EE727,
				AF4D25A8C5B81A68331A4758,
			);
			runOnlyForDeploymentPostprocessing = 0;
		};
		4A8151D7482B95B9FF8829A4 = {
			isa = PBXSourcesBuildPhase;
			buildActionMask = 2147483647;
			files = (
				776B2D96FC1393CA768B0A55,
				1BA88580347356D99255171D,
			);
			runOnlyForDeploymentPostprocessing = 0;
		};
		6034AD8BDEF406F48BF61FE4 = {
			isa = PBXSourcesBuildPhase;
			buildActionMask = 2147483647;
			files = (
				FC3D212C2A6FB1EEB1C7CB28,
			);
			runOnlyForDeploymentPostprocessing = 0;
		};
		C658EF5D7ABB3BC2EEDAEC5F = {
			isa = PBXSourcesBuildPhase;
			buildActionMask = 2147483647;
			files = (
				605CE6B5E9FCDF86814885DE,
				3C800E0991152C4261A8367B,
			);
			runOnlyForDeploymentPostprocessing = 0;
		};
		DD3FA18CA4C74BE75CF675CA = {
			isa = PBXSourcesBuildPhase;
			buildActionMask = 2147483647;
			files = (
				EDDB96B8F74B69F9A46A39C4,
			);
			runOnlyForDeploymentPostprocessing = 0;
		};
/* End PBXSourcesBuildPhase section */

/* Begin PBXTargetDependency section */
		0F3DD85EABD5B58B0D1A6091 = {
			isa = PBXTargetDependency;
			target = 6C84712BB8E02642CA882068;
		};
		117002541B4D5A6D83E4056D = {
			isa = PBXTargetDependency;
			target = DE393250184B3173C82F2D61;
		};
		173538AD7B498A42D6A9048A = {
			isa = PBXTargetDependency;
			target = D4616C32EEF7DB430D754002;
		};
		497CEA76EA2E6F077C4A4689 = {
			isa = PBXTargetDependency;
			target = 6C84712BB8E02642CA882068;
		};
		5E3EEF848304AF72773E1987 = {
			isa = PBXTargetDependency;
			target = 3E3A06DD28D2026CA3B0E1A9;
		};
		6D7454A56EFEA4E904C449F0 = {
			isa = PBXTargetDependency;
			target = E14A5761D21D30AAD8A7F8F8;
		};
		887572F17BB21156A39F9196 = {
			isa = PBXTargetDependency;
			target = 3E3A06DD28D2026CA3B0E1A9;
		};
		899029278F121ADB704DBBB8 = {
			isa = PBXTargetDependency;
			target = 3E3A06DD28D2026CA3B0E1A9;
		};
		8DD6151F8626346A7719E894 = {
			isa = PBXTargetDependency;
			target = 3E3A06DD28D2026CA3B0E1A9;
		};
		98A4079E2A2EB12B83D0AC67 = {
			isa = PBXTargetDependency;
			target = D45C46DDA110B31129A11801;
		};
		E751A1AD596EF16957D787F5 = {
			isa = PBXTargetDependency;
			target = 3E3A06DD28D2026CA3B0E1A9;
		};
/* End PBXTargetDependency section */

/* Begin XCBuildConfiguration section */
		0146E19775928E89EB200F3E /* Debug */ = {
			isa = XCBuildConfiguration;
			buildSettings = {
				CLANG_CXX_LANGUAGE_STANDARD = "c++17";
				CLANG_CXX_LIBRARY = "libc++";
				CLANG_LINK_OBJC_RUNTIME = NO;
				COMBINE_HIDPI_IMAGES = YES;
				CONFIGURATION_BUILD_DIR = "$(PROJECT_DIR)/build/$(CONFIGURATION)";
				COPY_PHASE_STRIP = NO;
				EXCLUDED_ARCHS = "";
				GCC_DYNAMIC_NO_PIC = NO;
				GCC_OPTIMIZATION_LEVEL = 0;
				GCC_PREPROCESSOR_DEFINITIONS = (
					"_DEBUG=1",
					"DEBUG=1",
					"JUCER_XCODE_MAC_F6D2F4CF=1",
					"JUCE_APP_VERSION=1.0",
					"JUCE_APP_VERSION_HEX=0x10000",
					"JucePlugin_Build_VST=0",
					"JucePlugin_Build_VST3=1",
					"JucePlugin_Build_AU=1",
					"JucePlugin_Build_AUv3=0",
					"JucePlugin_Build_AAX=1",
					"JucePlugin_Build_Standalone=1",
					"JucePlugin_Build_Unity=0",
					"JucePlugin_Build_LV2=0",
					"JUCE_SHARED_CODE=1",
				);
				GCC_VERSION = com.apple.compilers.llvm.clang.1_0;
				HEADER_SEARCH_PATHS = (
					"$(HOME)/JUCE/modules/juce_audio_processors/format_types/VST3_SDK",
					"$(SRCROOT)/../../JuceLibraryCode",
					"$(HOME)/JUCE/modules/juce_audio_plugin_client/AAX/SDK",
					"$(HOME)/JUCE/modules/juce_audio_plugin_client/AAX/SDK/Interfaces",
					"$(HOME)/JUCE/modules/juce_audio_plugin_client/AAX/SDK/Interfaces/ACF",
					"$(HOME)/JUCE/modules",
					"$(HOME)/JUCE/modules/juce_audio_plugin_client/AU",
					"$(inherited)",
				);
				INSTALL_PATH = "@executable_path/../Frameworks";
				MACOSX_DEPLOYMENT_TARGET = 10.13;
				MTL_HEADER_SEARCH_PATHS = "$(HOME)/JUCE/modules/juce_audio_processors/format_types/VST3_SDK $(SRCROOT)/../../JuceLibraryCode $(HOME)/JUCE/modules/juce_audio_plugin_client/AAX/SDK $(HOME)/JUCE/modules/juce_audio_plugin_client/AAX/SDK/Interfaces $(HOME)/JUCE/modules/juce_audio_plugin_client/AAX/SDK/Interfaces/ACF $(HOME)/JUCE/modules $(HOME)/JUCE/modules/juce_audio_plugin_client/AU";
				PRODUCT_BUNDLE_IDENTIFIER = com.Elouann.ElouReverb;
				PRODUCT_NAME = "ElouReverb";
				SKIP_INSTALL = YES;
				USE_HEADERMAP = NO;
				VALID_ARCHS = "i386 x86_64 arm64 arm64e";
			};
			name = Debug;
		};
		188809AA01B2BB57EDF53FEB /* Release */ = {
			isa = XCBuildConfiguration;
			buildSettings = {
				ALWAYS_SEARCH_USER_PATHS = NO;
				CLANG_ENABLE_OBJC_WEAK = YES;
				CLANG_WARN_BLOCK_CAPTURE_AUTORELEASING = YES;
				CLANG_WARN_BOOL_CONVERSION = YES;
				CLANG_WARN_COMMA = YES;
				CLANG_WARN_CONSTANT_CONVERSION = YES;
				CLANG_WARN_DEPRECATED_OBJC_IMPLEMENTATIONS = YES;
				CLANG_WARN_EMPTY_BODY = YES;
				CLANG_WARN_ENUM_CONVERSION = YES;
				CLANG_WARN_INFINITE_RECURSION = YES;
				CLANG_WARN_INT_CONVERSION = YES;
				CLANG_WARN_NON_LITERAL_NULL_CONVERSION = YES;
				CLANG_WARN_OBJC_IMPLICIT_RETAIN_SELF = YES;
				CLANG_WARN_OBJC_LITERAL_CONVERSION = YES;
				CLANG_WARN_RANGE_LOOP_ANALYSIS = YES;
				CLANG_WARN_STRICT_PROTOTYPES = YES;
				CLANG_WARN_SUSPICIOUS_MOVE = YES;
				CLANG_WARN_UNREACHABLE_CODE = YES;
				CLANG_WARN__DUPLICATE_METHOD_MATCH = YES;
				DEBUG_INFORMATION_FORMAT = dwarf;
				ENABLE_STRICT_OBJC_MSGSEND = YES;
				ENABLE_TESTABILITY = NO;
				GCC_C_LANGUAGE_STANDARD = c11;
				GCC_INLINES_ARE_PRIVATE_EXTERN = YES;
				GCC_MODEL_TUNING = G5;
				GCC_NO_COMMON_BLOCKS = YES;
				GCC_SYMBOLS_PRIVATE_EXTERN = YES;
				GCC_WARN_64_TO_32_BIT_CONVERSION = YES;
				GCC_WARN_ABOUT_RETURN_TYPE = YES;
				GCC_WARN_CHECK_SWITCH_STATEMENTS = YES;
				GCC_WARN_MISSING_PARENTHESES = YES;
				GCC_WARN_NON_VIRTUAL_DESTRUCTOR = YES;
				GCC_WARN_TYPECHECK_CALLS_TO_PRINTF = YES;
				GCC_WARN_UNDECLARED_SELECTOR = YES;
				GCC_WARN_UNINITIALIZED_AUTOS = YES;
				GCC_WARN_UNUSED_FUNCTION = YES;
				GCC_WARN_UNUSED_VARIABLE = YES;
				OTHER_CODE_SIGN_FLAGS = --timestamp;
				PRODUCT_NAME = "ElouReverb";
				SDKROOT = macosx;
				WARNING_CFLAGS = "-Wreorder";
				ZERO_LINK = NO;
			};
			name = Release;
		};
		21FB9B859EB135F6F9C28464 /* Release */ = {
			isa = XCBuildConfiguration;
			buildSettings = {
				CLANG_CXX_LANGUAGE_STANDARD = "c++17";
				CLANG_CXX_LIBRARY = "libc++";
				CLANG_LINK_OBJC_RUNTIME = NO;
				COMBINE_HIDPI_IMAGES = YES;
				CONFIGURATION_BUILD_DIR = "$(PROJECT_DIR)/build/$(CONFIGURATION)";
				DEAD_CODE_STRIPPING = YES;
				EXCLUDED_ARCHS = "";
				GCC_GENERATE_DEBUGGING_SYMBOLS = NO;
				GCC_OPTIMIZATION_LEVEL = 3;
				GCC_PREPROCESSOR_DEFINITIONS = (
					"_NDEBUG=1",
					"NDEBUG=1",
					"JUCER_XCODE_MAC_F6D2F4CF=1",
					"JUCE_APP_VERSION=1.0",
					"JUCE_APP_VERSION_HEX=0x10000",
					"JucePlugin_Build_VST=0",
					"JucePlugin_Build_VST3=1",
					"JucePlugin_Build_AU=1",
					"JucePlugin_Build_AUv3=0",
					"JucePlugin_Build_AAX=1",
					"JucePlugin_Build_Standalone=1",
					"JucePlugin_Build_Unity=0",
					"JucePlugin_Build_LV2=0",
					"JUCE_SHARED_CODE=1",
				);
				GCC_VERSION = com.apple.compilers.llvm.clang.1_0;
				HEADER_SEARCH_PATHS = (
					"$(HOME)/JUCE/modules/juce_audio_processors/format_types/VST3_SDK",
					"$(SRCROOT)/../../JuceLibraryCode",
					"$(HOME)/JUCE/modules/juce_audio_plugin_client/AAX/SDK",
					"$(HOME)/JUCE/modules/juce_audio_plugin_client/AAX/SDK/Interfaces",
					"$(HOME)/JUCE/modules/juce_audio_plugin_client/AAX/SDK/Interfaces/ACF",
					"$(HOME)/JUCE/modules",
					"$(HOME)/JUCE/modules/juce_audio_plugin_client/AU",
					"$(inherited)",
				);
				INSTALL_PATH = "@executable_path/../Frameworks";
				LLVM_LTO = YES;
				MACOSX_DEPLOYMENT_TARGET = 10.13;
				MTL_HEADER_SEARCH_PATHS = "$(HOME)/JUCE/modules/juce_audio_processors/format_types/VST3_SDK $(SRCROOT)/../../JuceLibraryCode $(HOME)/JUCE/modules/juce_audio_plugin_client/AAX/SDK $(HOME)/JUCE/modules/juce_audio_plugin_client/AAX/SDK/Interfaces $(HOME)/JUCE/modules/juce_audio_plugin_client/AAX/SDK/Interfaces/ACF $(HOME)/JUCE/modules $(HOME)/JUCE/modules/juce_audio_plugin_client/AU";
				PRODUCT_BUNDLE_IDENTIFIER = com.Elouann.ElouReverb;
				PRODUCT_NAME = "ElouReverb";
				SKIP_INSTALL = YES;
				USE_HEADERMAP = NO;
				VALID_ARCHS = "i386 x86_64 arm64 arm64e";
			};
			name = Release;
		};
		246AE87C3233C1E9B45A191B /* Release */ = {
			isa = XCBuildConfiguration;
			buildSettings = {
				CLANG_CXX_LANGUAGE_STANDARD = "c++17";
				CLANG_CXX_LIBRARY = "libc++";
				CLANG_LINK_OBJC_RUNTIME = NO;
				COMBINE_HIDPI_IMAGES = YES;
				CONFIGURATION_BUILD_DIR = "$(PROJECT_DIR)/build/$(CONFIGURATION)";
				DEAD_CODE_STRIPPING = YES;
				EXCLUDED_ARCHS = "";
				GCC_GENERATE_DEBUGGING_SYMBOLS = NO;
				GCC_OPTIMIZATION_LEVEL = 3;
				GCC_PREPROCESSOR_DEFINITIONS = (
					"_NDEBUG=1",
					"NDEBUG=1",
					"JUCER_XCODE_MAC_F6D2F4CF=1",
					"JUCE_APP_VERSION=1.0",
					"JUCE_APP_VERSION_HEX=0x10000",
					"JucePlugin_Build_VST=0",
					"JucePlugin_Build_VST3=1",
					"JucePlugin_Build_AU=0",
					"JucePlugin_Build_AUv3=0",
					"JucePlugin_Build_AAX=0",
					"JucePlugin_Build_Standalone=0",
					"JucePlugin_Build_Unity=0",
					"JucePlugin_Build_LV2=0",
				);
				GCC_VERSION = com.apple.compilers.llvm.clang.1_0;
				GENERATE_PKGINFO_FILE = YES;
				HEADER_SEARCH_PATHS = (
					"$(HOME)/JUCE/modules/juce_audio_processors/format_types/VST3_SDK",
					"$(SRCROOT)/../../JuceLibraryCode",
					"$(HOME)/JUCE/modules/juce_audio_plugin_client/AAX/SDK",
					"$(HOME)/JUCE/modules/juce_audio_plugin_client/AAX/SDK/Interfaces",
					"$(HOME)/JUCE/modules/juce_audio_plugin_client/AAX/SDK/Interfaces/ACF",
					"$(HOME)/JUCE/modules",
					"$(HOME)/JUCE/modules/juce_audio_plugin_client/AU",
					"$(inherited)",
				);
				INFOPLIST_FILE = Info-VST3.plist;
				INFOPLIST_PREPROCESS = NO;
				INSTALL_PATH = "$(HOME)/Library/Audio/Plug-Ins/VST3/";
				LIBRARY_STYLE = Bundle;
				LLVM_LTO = YES;
				MACOSX_DEPLOYMENT_TARGET = 10.13;
				MTL_HEADER_SEARCH_PATHS = "$(HOME)/JUCE/modules/juce_audio_processors/format_types/VST3_SDK $(SRCROOT)/../../JuceLibraryCode $(HOME)/JUCE/modules/juce_audio_plugin_client/AAX/SDK $(HOME)/JUCE/modules/juce_audio_plugin_client/AAX/SDK/Interfaces $(HOME)/JUCE/modules/juce_audio_plugin_client/AAX/SDK/Interfaces/ACF $(HOME)/JUCE/modules $(HOME)/JUCE/modules/juce_audio_plugin_client/AU";
				OTHER_LDFLAGS = "-bundle -lElouReverb";
				PRODUCT_BUNDLE_IDENTIFIER = com.Elouann.ElouReverb;
				PRODUCT_NAME = "ElouReverb";
				USE_HEADERMAP = NO;
				VALID_ARCHS = "i386 x86_64 arm64 arm64e";
				WRAPPER_EXTENSION = vst3;
			};
			name = Release;
		};
		3F8F31AFB63422E8DED2E3CD /* Debug */ = {
			isa = XCBuildConfiguration;
			buildSettings = {
				CLANG_CXX_LANGUAGE_STANDARD = "c++17";
				CLANG_CXX_LIBRARY = "libc++";
				CLANG_LINK_OBJC_RUNTIME = NO;
				COMBINE_HIDPI_IMAGES = YES;
				CONFIGURATION_BUILD_DIR = "$(PROJECT_DIR)/build/$(CONFIGURATION)";
				COPY_PHASE_STRIP = NO;
				EXCLUDED_ARCHS = "";
				GCC_DYNAMIC_NO_PIC = NO;
				GCC_OPTIMIZATION_LEVEL = 0;
				GCC_PREPROCESSOR_DEFINITIONS = (
					"_DEBUG=1",
					"DEBUG=1",
					"JUCER_XCODE_MAC_F6D2F4CF=1",
					"JUCE_APP_VERSION=1.0",
					"JUCE_APP_VERSION_HEX=0x10000",
					"JucePlugin_Build_VST=0",
					"JucePlugin_Build_VST3=0",
					"JucePlugin_Build_AU=1",
					"JucePlugin_Build_AUv3=0",
					"JucePlugin_Build_AAX=0",
					"JucePlugin_Build_Standalone=0",
					"JucePlugin_Build_Unity=0",
					"JucePlugin_Build_LV2=0",
				);
				GCC_VERSION = com.apple.compilers.llvm.clang.1_0;
				GENERATE_PKGINFO_FILE = YES;
				HEADER_SEARCH_PATHS = (
					"$(HOME)/JUCE/modules/juce_audio_processors/format_types/VST3_SDK",
					"$(SRCROOT)/../../JuceLibraryCode",
					"$(HOME)/JUCE/modules/juce_audio_plugin_client/AAX/SDK",
					"$(HOME)/JUCE/modules/juce_audio_plugin_client/AAX/SDK/Interfaces",
					"$(HOME)/JUCE/modules/juce_audio_plugin_client/AAX/SDK/Interfaces/ACF",
					"$(HOME)/JUCE/modules",
					"$(HOME)/JUCE/modules/juce_audio_plugin_client/AU",
					"$(inherited)",
				);
				INFOPLIST_FILE = Info-AU.plist;
				INFOPLIST_PREPROCESS = NO;
				INSTALL_PATH = "$(HOME)/Library/Audio/Plug-Ins/Components/";
				LIBRARY_STYLE = Bundle;
				MACOSX_DEPLOYMENT_TARGET = 10.13;
				MTL_HEADER_SEARCH_PATHS = "$(HOME)/JUCE/modules/juce_audio_processors/format_types/VST3_SDK $(SRCROOT)/../../JuceLibraryCode $(HOME)/JUCE/modules/juce_audio_plugin_client/AAX/SDK $(HOME)/JUCE/modules/juce_audio_plugin_client/AAX/SDK/Interfaces $(HOME)/JUCE/modules/juce_audio_plugin_client/AAX/SDK/Interfaces/ACF $(HOME)/JUCE/modules $(HOME)/JUCE/modules/juce_audio_plugin_client/AU";
				OTHER_LDFLAGS = "-bundle -lElouReverb";
				OTHER_REZFLAGS = "-d ppc_$ppc -d i386_$i386 -d ppc64_$ppc64 -d x86_64_$x86_64 -d arm64_$arm64 -I /System/Library/Frameworks/CoreServices.framework/Frameworks/CarbonCore.framework/Versions/A/Headers -I \"$(DEVELOPER_DIR)/Extras/CoreAudio/AudioUnits/AUPublic/AUBase\" -I \"$(DEVELOPER_DIR)/Platforms/MacOSX.platform/Developer/SDKs/MacOSX.sdk/System/Library/Frameworks/AudioUnit.framework/Headers\"";
				PRODUCT_BUNDLE_IDENTIFIER = com.Elouann.ElouReverb;
				PRODUCT_NAME = "ElouReverb";
				USE_HEADERMAP = NO;
				VALID_ARCHS = "i386 x86_64 arm64 arm64e";
				WRAPPER_EXTENSION = component;
			};
			name = Debug;
		};
		4A24A9D3CE247B66360B4441 /* Debug */ = {
			isa = XCBuildConfiguration;
			buildSettings = {
				CLANG_CXX_LANGUAGE_STANDARD = "c++17";
				CLANG_CXX_LIBRARY = "libc++";
				CLANG_LINK_OBJC_RUNTIME = NO;
				COMBINE_HIDPI_IMAGES = YES;
				CONFIGURATION_BUILD_DIR = "$(PROJECT_DIR)/build/$(CONFIGURATION)";
				COPY_PHASE_STRIP = NO;
				EXCLUDED_ARCHS = "";
				GCC_DYNAMIC_NO_PIC = NO;
				GCC_OPTIMIZATION_LEVEL = 0;
				GCC_PREPROCESSOR_DEFINITIONS = (
					"_DEBUG=1",
					"DEBUG=1",
					"JUCER_XCODE_MAC_F6D2F4CF=1",
					"JUCE_APP_VERSION=1.0",
					"JUCE_APP_VERSION_HEX=0x10000",
					"JucePlugin_Build_VST=0",
					"JucePlugin_Build_VST3=0",
					"JucePlugin_Build_AU=0",
					"JucePlugin_Build_AUv3=0",
					"JucePlugin_Build_AAX=0",
					"JucePlugin_Build_Standalone=0",
					"JucePlugin_Build_Unity=0",
					"JucePlugin_Build_LV2=0",
				);
				GCC_VERSION = com.apple.compilers.llvm.clang.1_0;
				HEADER_SEARCH_PATHS = (
					"$(HOME)/JUCE/modules/juce_audio_processors/format_types/VST3_SDK",
					"$(SRCROOT)/../../JuceLibraryCode",
					"$(HOME)/JUCE/modules/juce_audio_plugin_client/AAX/SDK",
					"$(HOME)/JUCE/modules/juce_audio_plugin_client/AAX/SDK/Interfaces",
					"$(HOME)/JUCE/modules/juce_audio_plugin_client/AAX/SDK/Interfaces/ACF",
					"$(HOME)/JUCE/modules",
					"$(HOME)/JUCE/modules/juce_audio_plugin_client/AU",
					"$(inherited)",
				);
				INFOPLIST_FILE = Info-VST3_Manifest_Helper.plist;
				INFOPLIST_PREPROCESS = NO;
				MACOSX_DEPLOYMENT_TARGET = 10.13;
				MTL_HEADER_SEARCH_PATHS = "$(HOME)/JUCE/modules/juce_audio_processors/format_types/VST3_SDK $(SRCROOT)/../../JuceLibraryCode $(HOME)/JUCE/modules/juce_audio_plugin_client/AAX/SDK $(HOME)/JUCE/modules/juce_audio_plugin_client/AAX/SDK/Interfaces $(HOME)/JUCE/modules/juce_audio_plugin_client/AAX/SDK/Interfaces/ACF $(HOME)/JUCE/modules $(HOME)/JUCE/modules/juce_audio_plugin_client/AU";
				PRODUCT_BUNDLE_IDENTIFIER = com.Elouann.ElouReverb;
				PRODUCT_NAME = "juce_vst3_helper";
				USE_HEADERMAP = NO;
				VALID_ARCHS = "i386 x86_64 arm64 arm64e";
			};
			name = Debug;
		};
		54688E5222F62E432105BE22 /* Release */ = {
			isa = XCBuildConfiguration;
			buildSettings = {
				CLANG_CXX_LANGUAGE_STANDARD = "c++17";
				CLANG_CXX_LIBRARY = "libc++";
				CLANG_LINK_OBJC_RUNTIME = NO;
				COMBINE_HIDPI_IMAGES = YES;
				CONFIGURATION_BUILD_DIR = "$(PROJECT_DIR)/build/$(CONFIGURATION)";
				DEAD_CODE_STRIPPING = YES;
				EXCLUDED_ARCHS = "";
				GCC_GENERATE_DEBUGGING_SYMBOLS = NO;
				GCC_OPTIMIZATION_LEVEL = 3;
				GCC_PREPROCESSOR_DEFINITIONS = (
					"_NDEBUG=1",
					"NDEBUG=1",
					"JUCER_XCODE_MAC_F6D2F4CF=1",
					"JUCE_APP_VERSION=1.0",
					"JUCE_APP_VERSION_HEX=0x10000",
					"JucePlugin_Build_VST=0",
					"JucePlugin_Build_VST3=0",
					"JucePlugin_Build_AU=0",
					"JucePlugin_Build_AUv3=0",
					"JucePlugin_Build_AAX=1",
					"JucePlugin_Build_Standalone=0",
					"JucePlugin_Build_Unity=0",
					"JucePlugin_Build_LV2=0",
				);
				GCC_VERSION = com.apple.compilers.llvm.clang.1_0;
				GENERATE_PKGINFO_FILE = YES;
				HEADER_SEARCH_PATHS = (
					"$(HOME)/JUCE/modules/juce_audio_processors/format_types/VST3_SDK",
					"$(SRCROOT)/../../JuceLibraryCode",
					"$(HOME)/JUCE/modules/juce_audio_plugin_client/AAX/SDK",
					"$(HOME)/JUCE/modules/juce_audio_plugin_client/AAX/SDK/Interfaces",
					"$(HOME)/JUCE/modules/juce_audio_plugin_client/AAX/SDK/Interfaces/ACF",
					"$(HOME)/JUCE/modules",
					"$(HOME)/JUCE/modules/juce_audio_plugin_client/AU",
					"$(inherited)",
				);
				INFOPLIST_FILE = Info-AAX.plist;
				INFOPLIST_PREPROCESS = NO;
				INSTALL_PATH = "/Library/Application Support/Avid/Audio/Plug-Ins/";
				LIBRARY_STYLE = Bundle;
				LLVM_LTO = YES;
				MACOSX_DEPLOYMENT_TARGET = 10.13;
				MTL_HEADER_SEARCH_PATHS = "$(HOME)/JUCE/modules/juce_audio_processors/format_types/VST3_SDK $(SRCROOT)/../../JuceLibraryCode $(HOME)/JUCE/modules/juce_audio_plugin_client/AAX/SDK $(HOME)/JUCE/modules/juce_audio_plugin_client/AAX/SDK/Interfaces $(HOME)/JUCE/modules/juce_audio_plugin_client/AAX/SDK/Interfaces/ACF $(HOME)/JUCE/modules $(HOME)/JUCE/modules/juce_audio_plugin_client/AU";
				OTHER_LDFLAGS = "-bundle -lElouReverb";
				PRODUCT_BUNDLE_IDENTIFIER = com.Elouann.ElouReverb;
				PRODUCT_NAME = "ElouReverb";
				USE_HEADERMAP = NO;
				VALID_ARCHS = "i386 x86_64 arm64 arm64e";
				WRAPPER_EXTENSION = aaxplugin;
			};
			name = Release;
		};
		5B85D87D992AF045EA20A62E /* Debug */ = {
			isa = XCBuildConfiguration;
			buildSettings = {
				CLANG_CXX_LANGUAGE_STANDARD = "c++17";
				CLANG_CXX_LIBRARY = "libc++";
				CLANG_LINK_OBJC_RUNTIME = NO;
				COMBINE_HIDPI_IMAGES = YES;
				CONFIGURATION_BUILD_DIR = "$(PROJECT_DIR)/build/$(CONFIGURATION)";
				COPY_PHASE_STRIP = NO;
				EXCLUDED_ARCHS = "";
				GCC_DYNAMIC_NO_PIC = NO;
				GCC_OPTIMIZATION_LEVEL = 0;
				GCC_PREPROCESSOR_DEFINITIONS = (
					"_DEBUG=1",
					"DEBUG=1",
					"JUCER_XCODE_MAC_F6D2F4CF=1",
					"JUCE_APP_VERSION=1.0",
					"JUCE_APP_VERSION_HEX=0x10000",
					"JucePlugin_Build_VST=0",
					"JucePlugin_Build_VST3=0",
					"JucePlugin_Build_AU=0",
					"JucePlugin_Build_AUv3=0",
					"JucePlugin_Build_AAX=0",
					"JucePlugin_Build_Standalone=1",
					"JucePlugin_Build_Unity=0",
					"JucePlugin_Build_LV2=0",
				);
				GCC_VERSION = com.apple.compilers.llvm.clang.1_0;
				HEADER_SEARCH_PATHS = (
					"$(HOME)/JUCE/modules/juce_audio_processors/format_types/VST3_SDK",
					"$(SRCROOT)/../../JuceLibraryCode",
					"$(HOME)/JUCE/modules/juce_audio_plugin_client/AAX/SDK",
					"$(HOME)/JUCE/modules/juce_audio_plugin_client/AAX/SDK/Interfaces",
					"$(HOME)/JUCE/modules/juce_audio_plugin_client/AAX/SDK/Interfaces/ACF",
					"$(HOME)/JUCE/modules",
					"$(HOME)/JUCE/modules/juce_audio_plugin_client/AU",
					"$(inherited)",
				);
				INFOPLIST_FILE = Info-Standalone_Plugin.plist;
				INFOPLIST_PREPROCESS = NO;
				MACOSX_DEPLOYMENT_TARGET = 10.13;
				MTL_HEADER_SEARCH_PATHS = "$(HOME)/JUCE/modules/juce_audio_processors/format_types/VST3_SDK $(SRCROOT)/../../JuceLibraryCode $(HOME)/JUCE/modules/juce_audio_plugin_client/AAX/SDK $(HOME)/JUCE/modules/juce_audio_plugin_client/AAX/SDK/Interfaces $(HOME)/JUCE/modules/juce_audio_plugin_client/AAX/SDK/Interfaces/ACF $(HOME)/JUCE/modules $(HOME)/JUCE/modules/juce_audio_plugin_client/AU";
				OTHER_LDFLAGS = "-lElouReverb";
				PRODUCT_BUNDLE_IDENTIFIER = com.Elouann.ElouReverb;
				PRODUCT_NAME = "ElouReverb";
				USE_HEADERMAP = NO;
				VALID_ARCHS = "i386 x86_64 arm64 arm64e";
			};
			name = Debug;
		};
		71B5623346D460C30A3576D9 /* Debug */ = {
			isa = XCBuildConfiguration;
			buildSettings = {
				MACOSX_DEPLOYMENT_TARGET = 10.13;
				SDKROOT = macosx;
			};
			name = Debug;
		};
		A30ADED03C5DA91BEDF65045 /* Debug */ = {
			isa = XCBuildConfiguration;
			buildSettings = {
				ALWAYS_SEARCH_USER_PATHS = NO;
				CLANG_ENABLE_OBJC_WEAK = YES;
				CLANG_WARN_BLOCK_CAPTURE_AUTORELEASING = YES;
				CLANG_WARN_BOOL_CONVERSION = YES;
				CLANG_WARN_COMMA = YES;
				CLANG_WARN_CONSTANT_CONVERSION = YES;
				CLANG_WARN_DEPRECATED_OBJC_IMPLEMENTATIONS = YES;
				CLANG_WARN_EMPTY_BODY = YES;
				CLANG_WARN_ENUM_CONVERSION = YES;
				CLANG_WARN_INFINITE_RECURSION = YES;
				CLANG_WARN_INT_CONVERSION = YES;
				CLANG_WARN_NON_LITERAL_NULL_CONVERSION = YES;
				CLANG_WARN_OBJC_IMPLICIT_RETAIN_SELF = YES;
				CLANG_WARN_OBJC_LITERAL_CONVERSION = YES;
				CLANG_WARN_RANGE_LOOP_ANALYSIS = YES;
				CLANG_WARN_STRICT_PROTOTYPES = YES;
				CLANG_WARN_SUSPICIOUS_MOVE = YES;
				CLANG_WARN_UNREACHABLE_CODE = YES;
				CLANG_WARN__DUPLICATE_METHOD_MATCH = YES;
				DEBUG_INFORMATION_FORMAT = dwarf;
				ENABLE_STRICT_OBJC_MSGSEND = YES;
				ENABLE_TESTABILITY = NO;
				GCC_C_LANGUAGE_STANDARD = c11;
				GCC_INLINES_ARE_PRIVATE_EXTERN = YES;
				GCC_MODEL_TUNING = G5;
				GCC_NO_COMMON_BLOCKS = YES;
				GCC_SYMBOLS_PRIVATE_EXTERN = YES;
				GCC_WARN_64_TO_32_BIT_CONVERSION = YES;
				GCC_WARN_ABOUT_RETURN_TYPE = YES;
				GCC_WARN_CHECK_SWITCH_STATEMENTS = YES;
				GCC_WARN_MISSING_PARENTHESES = YES;
				GCC_WARN_NON_VIRTUAL_DESTRUCTOR = YES;
				GCC_WARN_TYPECHECK_CALLS_TO_PRINTF = YES;
				GCC_WARN_UNDECLARED_SELECTOR = YES;
				GCC_WARN_UNINITIALIZED_AUTOS = YES;
				GCC_WARN_UNUSED_FUNCTION = YES;
				GCC_WARN_UNUSED_VARIABLE = YES;
				ONLY_ACTIVE_ARCH = YES;
				OTHER_CODE_SIGN_FLAGS = --timestamp;
				PRODUCT_NAME = "ElouReverb";
				SDKROOT = macosx;
				WARNING_CFLAGS = "-Wreorder";
				ZERO_LINK = NO;
			};
			name = Debug;
		};
		A6FDA7812AE09E998F276CD5 /* Release */ = {
			isa = XCBuildConfiguration;
			buildSettings = {
				CLANG_CXX_LANGUAGE_STANDARD = "c++17";
				CLANG_CXX_LIBRARY = "libc++";
				CLANG_LINK_OBJC_RUNTIME = NO;
				COMBINE_HIDPI_IMAGES = YES;
				CONFIGURATION_BUILD_DIR = "$(PROJECT_DIR)/build/$(CONFIGURATION)";
				DEAD_CODE_STRIPPING = YES;
				EXCLUDED_ARCHS = "";
				GCC_GENERATE_DEBUGGING_SYMBOLS = NO;
				GCC_OPTIMIZATION_LEVEL = 3;
				GCC_PREPROCESSOR_DEFINITIONS = (
					"_NDEBUG=1",
					"NDEBUG=1",
					"JUCER_XCODE_MAC_F6D2F4CF=1",
					"JUCE_APP_VERSION=1.0",
					"JUCE_APP_VERSION_HEX=0x10000",
					"JucePlugin_Build_VST=0",
					"JucePlugin_Build_VST3=0",
					"JucePlugin_Build_AU=1",
					"JucePlugin_Build_AUv3=0",
					"JucePlugin_Build_AAX=0",
					"JucePlugin_Build_Standalone=0",
					"JucePlugin_Build_Unity=0",
					"JucePlugin_Build_LV2=0",
				);
				GCC_VERSION = com.apple.compilers.llvm.clang.1_0;
				GENERATE_PKGINFO_FILE = YES;
				HEADER_SEARCH_PATHS = (
					"$(HOME)/JUCE/modules/juce_audio_processors/format_types/VST3_SDK",
					"$(SRCROOT)/../../JuceLibraryCode",
					"$(HOME)/JUCE/modules/juce_audio_plugin_client/AAX/SDK",
					"$(HOME)/JUCE/modules/juce_audio_plugin_client/AAX/SDK/Interfaces",
					"$(HOME)/JUCE/modules/juce_audio_plugin_client/AAX/SDK/Interfaces/ACF",
					"$(HOME)/JUCE/modules",
					"$(HOME)/JUCE/modules/juce_audio_plugin_client/AU",
					"$(inherited)",
				);
				INFOPLIST_FILE = Info-AU.plist;
				INFOPLIST_PREPROCESS = NO;
				INSTALL_PATH = "$(HOME)/Library/Audio/Plug-Ins/Components/";
				LIBRARY_STYLE = Bundle;
				LLVM_LTO = YES;
				MACOSX_DEPLOYMENT_TARGET = 10.13;
				MTL_HEADER_SEARCH_PATHS = "$(HOME)/JUCE/modules/juce_audio_processors/format_types/VST3_SDK $(SRCROOT)/../../JuceLibraryCode $(HOME)/JUCE/modules/juce_audio_plugin_client/AAX/SDK $(HOME)/JUCE/modules/juce_audio_plugin_client/AAX/SDK/Interfaces $(HOME)/JUCE/modules/juce_audio_plugin_client/AAX/SDK/Interfaces/ACF $(HOME)/JUCE/modules $(HOME)/JUCE/modules/juce_audio_plugin_client/AU";
				OTHER_LDFLAGS = "-bundle -lElouReverb";
				OTHER_REZFLAGS = "-d ppc_$ppc -d i386_$i386 -d ppc64_$ppc64 -d x86_64_$x86_64 -d arm64_$arm64 -I /System/Library/Frameworks/CoreServices.framework/Frameworks/CarbonCore.framework/Versions/A/Headers -I \"$(DEVELOPER_DIR)/Extras/CoreAudio/AudioUnits/AUPublic/AUBase\" -I \"$(DEVELOPER_DIR)/Platforms/MacOSX.platform/Developer/SDKs/MacOSX.sdk/System/Library/Frameworks/AudioUnit.framework/Headers\"";
				PRODUCT_BUNDLE_IDENTIFIER = com.Elouann.ElouReverb;
				PRODUCT_NAME = "ElouReverb";
				USE_HEADERMAP = NO;
				VALID_ARCHS = "i386 x86_64 arm64 arm64e";
				WRAPPER_EXTENSION = component;
			};
			name = Release;
		};
		BA3EA5539A6ED5666F43336A /* Debug */ = {
			isa = XCBuildConfiguration;
			buildSettings = {
				CLANG_CXX_LANGUAGE_STANDARD = "c++17";
				CLANG_CXX_LIBRARY = "libc++";
				CLANG_LINK_OBJC_RUNTIME = NO;
				COMBINE_HIDPI_IMAGES = YES;
				CONFIGURATION_BUILD_DIR = "$(PROJECT_DIR)/build/$(CONFIGURATION)";
				COPY_PHASE_STRIP = NO;
				EXCLUDED_ARCHS = "";
				GCC_DYNAMIC_NO_PIC = NO;
				GCC_OPTIMIZATION_LEVEL = 0;
				GCC_PREPROCESSOR_DEFINITIONS = (
					"_DEBUG=1",
					"DEBUG=1",
					"JUCER_XCODE_MAC_F6D2F4CF=1",
					"JUCE_APP_VERSION=1.0",
					"JUCE_APP_VERSION_HEX=0x10000",
					"JucePlugin_Build_VST=0",
					"JucePlugin_Build_VST3=0",
					"JucePlugin_Build_AU=0",
					"JucePlugin_Build_AUv3=0",
					"JucePlugin_Build_AAX=1",
					"JucePlugin_Build_Standalone=0",
					"JucePlugin_Build_Unity=0",
					"JucePlugin_Build_LV2=0",
				);
				GCC_VERSION = com.apple.compilers.llvm.clang.1_0;
				GENERATE_PKGINFO_FILE = YES;
				HEADER_SEARCH_PATHS = (
					"$(HOME)/JUCE/modules/juce_audio_processors/format_types/VST3_SDK",
					"$(SRCROOT)/../../JuceLibraryCode",
					"$(HOME)/JUCE/modules/juce_audio_plugin_client/AAX/SDK",
					"$(HOME)/JUCE/modules/juce_audio_plugin_client/AAX/SDK/Interfaces",
					"$(HOME)/JUCE/modules/juce_audio_plugin_client/AAX/SDK/Interfaces/ACF",
					"$(HOME)/JUCE/modules",
					"$(HOME)/JUCE/modules/juce_audio_plugin_client/AU",
					"$(inherited)",
				);
				INFOPLIST_FILE = Info-AAX.plist;
				INFOPLIST_PREPROCESS = NO;
				INSTALL_PATH = "/Library/Application Support/Avid/Audio/Plug-Ins/";
				LIBRARY_STYLE = Bundle;
				MACOSX_DEPLOYMENT_TARGET = 10.13;
				MTL_HEADER_SEARCH_PATHS = "$(HOME)/JUCE/modules/juce_audio_processors/format_types/VST3_SDK $(SRCROOT)/../../JuceLibraryCode $(HOME)/JUCE/modules/juce_audio_plugin_client/AAX/SDK $(HOME)/JUCE/modules/juce_audio_plugin_client/AAX/SDK/Interfaces $(HOME)/JUCE/modules/juce_audio_plugin_client/AAX/SDK/Interfaces/ACF $(HOME)/JUCE/modules $(HOME)/JUCE/modules/juce_audio_plugin_client/AU";
				OTHER_LDFLAGS = "-bundle -lElouReverb";
				PRODUCT_BUNDLE_IDENTIFIER = com.Elouann.ElouReverb;
				PRODUCT_NAME = "ElouReverb";
				USE_HEADERMAP = NO;
				VALID_ARCHS = "i386 x86_64 arm64 arm64e";
				WRAPPER_EXTENSION = aaxplugin;
			};
			name = Debug;
		};
		C879B2C95EBF78E8D3781721 /* Release */ = {
			isa = XCBuildConfiguration;
			buildSettings = {
				CLANG_CXX_LANGUAGE_STANDARD = "c++17";
				CLANG_CXX_LIBRARY = "libc++";
				CLANG_LINK_OBJC_RUNTIME = NO;
				COMBINE_HIDPI_IMAGES = YES;
				CONFIGURATION_BUILD_DIR = "$(PROJECT_DIR)/build/$(CONFIGURATION)";
				DEAD_CODE_STRIPPING = YES;
				EXCLUDED_ARCHS = "";
				GCC_GENERATE_DEBUGGING_SYMBOLS = NO;
				GCC_OPTIMIZATION_LEVEL = 3;
				GCC_PREPROCESSOR_DEFINITIONS = (
					"_NDEBUG=1",
					"NDEBUG=1",
					"JUCER_XCODE_MAC_F6D2F4CF=1",
					"JUCE_APP_VERSION=1.0",
					"JUCE_APP_VERSION_HEX=0x10000",
					"JucePlugin_Build_VST=0",
					"JucePlugin_Build_VST3=0",
					"JucePlugin_Build_AU=0",
					"JucePlugin_Build_AUv3=0",
					"JucePlugin_Build_AAX=0",
					"JucePlugin_Build_Standalone=0",
					"JucePlugin_Build_Unity=0",
					"JucePlugin_Build_LV2=0",
				);
				GCC_VERSION = com.apple.compilers.llvm.clang.1_0;
				HEADER_SEARCH_PATHS = (
					"$(HOME)/JUCE/modules/juce_audio_processors/format_types/VST3_SDK",
					"$(SRCROOT)/../../JuceLibraryCode",
					"$(HOME)/JUCE/modules/juce_audio_plugin_client/AAX/SDK",
					"$(HOME)/JUCE/modules/juce_audio_plugin_client/AAX/SDK/Interfaces",
					"$(HOME)/JUCE/modules/juce_audio_plugin_client/AAX/SDK/Interfaces/ACF",
					"$(HOME)/JUCE/modules",
					"$(HOME)/JUCE/modules/juce_audio_plugin_client/AU",
					"$(inherited)",
				);
				INFOPLIST_FILE = Info-VST3_Manifest_Helper.plist;
				INFOPLIST_PREPROCESS = NO;
				LLVM_LTO = YES;
				MACOSX_DEPLOYMENT_TARGET = 10.13;
				MTL_HEADER_SEARCH_PATHS = "$(HOME)/JUCE/modules/juce_audio_processors/format_types/VST3_SDK $(SRCROOT)/../../JuceLibraryCode $(HOME)/JUCE/modules/juce_audio_plugin_client/AAX/SDK $(HOME)/JUCE/modules/juce_audio_plugin_client/AAX/SDK/Interfaces $(HOME)/JUCE/modules/juce_audio_plugin_client/AAX/SDK/Interfaces/ACF $(HOME)/JUCE/modules $(HOME)/JUCE/modules/juce_audio_plugin_client/AU";
				PRODUCT_BUNDLE_IDENTIFIER = com.Elouann.ElouReverb;
				PRODUCT_NAME = "juce_vst3_helper";
				USE_HEADERMAP = NO;
				VALID_ARCHS = "i386 x86_64 arm64 arm64e";
			};
			name = Release;
		};
		D7CC8A54C559555CFF81C8C9 /* Release */ = {
			isa = XCBuildConfiguration;
			buildSettings = {
				MACOSX_DEPLOYMENT_TARGET = 10.13;
				SDKROOT = macosx;
			};
			name = Release;
		};
		EF2550FE56D44D8CB7BFADC7 /* Release */ = {
			isa = XCBuildConfiguration;
			buildSettings = {
				CLANG_CXX_LANGUAGE_STANDARD = "c++17";
				CLANG_CXX_LIBRARY = "libc++";
				CLANG_LINK_OBJC_RUNTIME = NO;
				COMBINE_HIDPI_IMAGES = YES;
				CONFIGURATION_BUILD_DIR = "$(PROJECT_DIR)/build/$(CONFIGURATION)";
				DEAD_CODE_STRIPPING = YES;
				EXCLUDED_ARCHS = "";
				GCC_GENERATE_DEBUGGING_SYMBOLS = NO;
				GCC_OPTIMIZATION_LEVEL = 3;
				GCC_PREPROCESSOR_DEFINITIONS = (
					"_NDEBUG=1",
					"NDEBUG=1",
					"JUCER_XCODE_MAC_F6D2F4CF=1",
					"JUCE_APP_VERSION=1.0",
					"JUCE_APP_VERSION_HEX=0x10000",
					"JucePlugin_Build_VST=0",
					"JucePlugin_Build_VST3=0",
					"JucePlugin_Build_AU=0",
					"JucePlugin_Build_AUv3=0",
					"JucePlugin_Build_AAX=0",
					"JucePlugin_Build_Standalone=1",
					"JucePlugin_Build_Unity=0",
					"JucePlugin_Build_LV2=0",
				);
				GCC_VERSION = com.apple.compilers.llvm.clang.1_0;
				HEADER_SEARCH_PATHS = (
					"$(HOME)/JUCE/modules/juce_audio_processors/format_types/VST3_SDK",
					"$(SRCROOT)/../../JuceLibraryCode",
					"$(HOME)/JUCE/modules/juce_audio_plugin_client/AAX/SDK",
					"$(HOME)/JUCE/modules/juce_audio_plugin_client/AAX/SDK/Interfaces",
					"$(HOME)/JUCE/modules/juce_audio_plugin_client/AAX/SDK/Interfaces/ACF",
					"$(HOME)/JUCE/modules",
					"$(HOME)/JUCE/modules/juce_audio_plugin_client/AU",
					"$(inherited)",
				);
				INFOPLIST_FILE = Info-Standalone_Plugin.plist;
				INFOPLIST_PREPROCESS = NO;
				LLVM_LTO = YES;
				MACOSX_DEPLOYMENT_TARGET = 10.13;
				MTL_HEADER_SEARCH_PATHS = "$(HOME)/JUCE/modules/juce_audio_processors/format_types/VST3_SDK $(SRCROOT)/../../JuceLibraryCode $(HOME)/JUCE/modules/juce_audio_plugin_client/AAX/SDK $(HOME)/JUCE/modules/juce_audio_plugin_client/AAX/SDK/Interfaces $(HOME)/JUCE/modules/juce_audio_plugin_client/AAX/SDK/Interfaces/ACF $(HOME)/JUCE/modules $(HOME)/JUCE/modules/juce_audio_plugin_client/AU";
				OTHER_LDFLAGS = "-lElouReverb";
				PRODUCT_BUNDLE_IDENTIFIER = com.Elouann.ElouReverb;
				PRODUCT_NAME = "ElouReverb";
				USE_HEADERMAP = NO;
				VALID_ARCHS = "i386 x86_64 arm64 arm64e";
			};
			name = Release;
		};
		F9FB690295CC797328C016F9 /* Debug */ = {
			isa = XCBuildConfiguration;
			buildSettings = {
				CLANG_CXX_LANGUAGE_STANDARD = "c++17";
				CLANG_CXX_LIBRARY = "libc++";
				CLANG_LINK_OBJC_RUNTIME = NO;
				COMBINE_HIDPI_IMAGES = YES;
				CONFIGURATION_BUILD_DIR = "$(PROJECT_DIR)/build/$(CONFIGURATION)";
				COPY_PHASE_STRIP = NO;
				EXCLUDED_ARCHS = "";
				GCC_DYNAMIC_NO_PIC = NO;
				GCC_OPTIMIZATION_LEVEL = 0;
				GCC_PREPROCESSOR_DEFINITIONS = (
					"_DEBUG=1",
					"DEBUG=1",
					"JUCER_XCODE_MAC_F6D2F4CF=1",
					"JUCE_APP_VERSION=1.0",
					"JUCE_APP_VERSION_HEX=0x10000",
					"JucePlugin_Build_VST=0",
					"JucePlugin_Build_VST3=1",
					"JucePlugin_Build_AU=0",
					"JucePlugin_Build_AUv3=0",
					"JucePlugin_Build_AAX=0",
					"JucePlugin_Build_Standalone=0",
					"JucePlugin_Build_Unity=0",
					"JucePlugin_Build_LV2=0",
				);
				GCC_VERSION = com.apple.compilers.llvm.clang.1_0;
				GENERATE_PKGINFO_FILE = YES;
				HEADER_SEARCH_PATHS = (
					"$(HOME)/JUCE/modules/juce_audio_processors/format_types/VST3_SDK",
					"$(SRCROOT)/../../JuceLibraryCode",
					"$(HOME)/JUCE/modules/juce_audio_plugin_client/AAX/SDK",
					"$(HOME)/JUCE/modules/juce_audio_plugin_client/AAX/SDK/Interfaces",
					"$(HOME)/JUCE/modules/juce_audio_plugin_client/AAX/SDK/Interfaces/ACF",
					"$(HOME)/JUCE/modules",
					"$(HOME)/JUCE/modules/juce_audio_plugin_client/AU",
					"$(inherited)",
				);
				INFOPLIST_FILE = Info-VST3.plist;
				INFOPLIST_PREPROCESS = NO;
				INSTALL_PATH = "$(HOME)/Library/Audio/Plug-Ins/VST3/";
				LIBRARY_STYLE = Bundle;
				MACOSX_DEPLOYMENT_TARGET = 10.13;
				MTL_HEADER_SEARCH_PATHS = "$(HOME)/JUCE/modules/juce_audio_processors/format_types/VST3_SDK $(SRCROOT)/../../JuceLibraryCode $(HOME)/JUCE/modules/juce_audio_plugin_client/AAX/SDK $(HOME)/JUCE/modules/juce_audio_plugin_client/AAX/SDK/Interfaces $(HOME)/JUCE/modules/juce_audio_plugin_client/AAX/SDK/Interfaces/ACF $(HOME)/JUCE/modules $(HOME)/JUCE/modules/juce_audio_plugin_client/AU";
				OTHER_LDFLAGS = "-bundle -lElouReverb";
				PRODUCT_BUNDLE_IDENTIFIER = com.Elouann.ElouReverb;
				PRODUCT_NAME = "ElouReverb";
				USE_HEADERMAP = NO;
				VALID_ARCHS = "i386 x86_64 arm64 arm64e";
				WRAPPER_EXTENSION = vst3;
			};
			name = Debug;
		};
/* End XCBuildConfiguration section */

/* Begin XCConfigurationList section */
		002A594AFE8EE5EEDCE24FFB = {
			isa = XCConfigurationList;
			buildConfigurations = (
				0146E19775928E89EB200F3E,
				21FB9B859EB135F6F9C28464,
			);
			defaultConfigurationIsVisible = 0;
			defaultConfigurationName = Debug;
		};
		3E32F64F6B81815E6B390235 = {
			isa = XCConfigurationList;
			buildConfigurations = (
				71B5623346D460C30A3576D9,
				D7CC8A54C559555CFF81C8C9,
			);
			defaultConfigurationIsVisible = 0;
			defaultConfigurationName = Debug;
		};
		B965C52F96A5E8263E021963 = {
			isa = XCConfigurationList;
			buildConfigurations = (
				BA3EA5539A6ED5666F43336A,
				54688E5222F62E432105BE22,
			);
			defaultConfigurationIsVisible = 0;
			defaultConfigurationName = Debug;
		};
		BEEF1096724A63E258A16D60 = {
			isa = XCConfigurationList;
			buildConfigurations = (
				5B85D87D992AF045EA20A62E,
				EF2550FE56D44D8CB7BFADC7,
			);
			defaultConfigurationIsVisible = 0;
			defaultConfigurationName = Debug;
		};
		C4EBD6551A09D95ABAFB8F06 = {
			isa = XCConfigurationList;
			buildConfigurations = (
				188809AA01B2BB57EDF53FEB,
				A30ADED03C5DA91BEDF65045,
			);
			defaultConfigurationIsVisible = 0;
			defaultConfigurationName = Debug;
		};
		CB25C51D00ED46BC9A7C1A4A = {
			isa = XCConfigurationList;
			buildConfigurations = (
				F9FB690295CC797328C016F9,
				246AE87C3233C1E9B45A191B,
			);
			defaultConfigurationIsVisible = 0;
			defaultConfigurationName = Debug;
		};
		CE0126FD7D6908464621B689 = {
			isa = XCConfigurationList;
			buildConfigurations = (
				3F8F31AFB63422E8DED2E3CD,
				A6FDA7812AE09E998F276CD5,
			);
			defaultConfigurationIsVisible = 0;
			defaultConfigurationName = Debug;
		};
		ED069C20A3F29AD3E4D5B462 = {
			isa = XCConfigurationList;
			buildConfigurations = (
				4A24A9D3CE247B66360B4441,
				C879B2C95EBF78E8D3781721,
			);
			defaultConfigurationIsVisible = 0;
			defaultConfigurationName = Debug;
		};
/* End XCConfigurationList section */
	};
	rootObject = AC6185A1DA6CD553F43D0629 /* Project object */;
}
